// !$*UTF8*$!
{
	archiveVersion = 1;
	classes = {
	};
	objectVersion = 48;
	objects = {

/* Begin PBXBuildFile section */
		FC479512205553E900218362 /* AppDelegate.m in Sources */ = {isa = PBXBuildFile; fileRef = FC479511205553E900218362 /* AppDelegate.m */; };
		FC479518205553E900218362 /* Main.storyboard in Resources */ = {isa = PBXBuildFile; fileRef = FC479516205553E900218362 /* Main.storyboard */; };
		FC47951A205553E900218362 /* Assets.xcassets in Resources */ = {isa = PBXBuildFile; fileRef = FC479519205553E900218362 /* Assets.xcassets */; };
		FC47951D205553E900218362 /* LaunchScreen.storyboard in Resources */ = {isa = PBXBuildFile; fileRef = FC47951B205553E900218362 /* LaunchScreen.storyboard */; };
		FC479520205553E900218362 /* main.m in Sources */ = {isa = PBXBuildFile; fileRef = FC47951F205553E900218362 /* main.m */; };
		FC47952A205553EA00218362 /* testAppTests.m in Sources */ = {isa = PBXBuildFile; fileRef = FC479529205553EA00218362 /* testAppTests.m */; };
		FC479535205553EA00218362 /* testAppUITests.m in Sources */ = {isa = PBXBuildFile; fileRef = FC479534205553EA00218362 /* testAppUITests.m */; };
		FC47954C20556E6200218362 /* BaseViewController.m in Sources */ = {isa = PBXBuildFile; fileRef = FC47954B20556E6200218362 /* BaseViewController.m */; };
		FC47954F20556E8B00218362 /* CoverMainViewController.m in Sources */ = {isa = PBXBuildFile; fileRef = FC47954E20556E8B00218362 /* CoverMainViewController.m */; };
		FC47955220556E9A00218362 /* PriceViewController.m in Sources */ = {isa = PBXBuildFile; fileRef = FC47955120556E9A00218362 /* PriceViewController.m */; };
		FC47955520556EAB00218362 /* GetCarViewController.m in Sources */ = {isa = PBXBuildFile; fileRef = FC47955420556EAB00218362 /* GetCarViewController.m */; };
		FC47955820556EBB00218362 /* UserViewController.m in Sources */ = {isa = PBXBuildFile; fileRef = FC47955720556EBB00218362 /* UserViewController.m */; };
		FC47955C2055765F00218362 /* UserInfoManager.m in Sources */ = {isa = PBXBuildFile; fileRef = FC47955B2055765F00218362 /* UserInfoManager.m */; };
/* End PBXBuildFile section */

/* Begin PBXContainerItemProxy section */
		FC479526205553EA00218362 /* PBXContainerItemProxy */ = {
			isa = PBXContainerItemProxy;
			containerPortal = FC479505205553E900218362 /* Project object */;
			proxyType = 1;
			remoteGlobalIDString = FC47950C205553E900218362;
			remoteInfo = testApp;
		};
		FC479531205553EA00218362 /* PBXContainerItemProxy */ = {
			isa = PBXContainerItemProxy;
			containerPortal = FC479505205553E900218362 /* Project object */;
			proxyType = 1;
			remoteGlobalIDString = FC47950C205553E900218362;
			remoteInfo = testApp;
		};
/* End PBXContainerItemProxy section */

/* Begin PBXFileReference section */
		FC47950D205553E900218362 /* testApp.app */ = {isa = PBXFileReference; explicitFileType = wrapper.application; includeInIndex = 0; path = testApp.app; sourceTree = BUILT_PRODUCTS_DIR; };
		FC479510205553E900218362 /* AppDelegate.h */ = {isa = PBXFileReference; lastKnownFileType = sourcecode.c.h; path = AppDelegate.h; sourceTree = "<group>"; };
		FC479511205553E900218362 /* AppDelegate.m */ = {isa = PBXFileReference; lastKnownFileType = sourcecode.c.objc; path = AppDelegate.m; sourceTree = "<group>"; };
		FC479517205553E900218362 /* Base */ = {isa = PBXFileReference; lastKnownFileType = file.storyboard; name = Base; path = Base.lproj/Main.storyboard; sourceTree = "<group>"; };
		FC479519205553E900218362 /* Assets.xcassets */ = {isa = PBXFileReference; lastKnownFileType = folder.assetcatalog; path = Assets.xcassets; sourceTree = "<group>"; };
		FC47951C205553E900218362 /* Base */ = {isa = PBXFileReference; lastKnownFileType = file.storyboard; name = Base; path = Base.lproj/LaunchScreen.storyboard; sourceTree = "<group>"; };
		FC47951E205553E900218362 /* Info.plist */ = {isa = PBXFileReference; lastKnownFileType = text.plist.xml; path = Info.plist; sourceTree = "<group>"; };
		FC47951F205553E900218362 /* main.m */ = {isa = PBXFileReference; lastKnownFileType = sourcecode.c.objc; path = main.m; sourceTree = "<group>"; };
		FC479525205553EA00218362 /* testAppTests.xctest */ = {isa = PBXFileReference; explicitFileType = wrapper.cfbundle; includeInIndex = 0; path = testAppTests.xctest; sourceTree = BUILT_PRODUCTS_DIR; };
		FC479529205553EA00218362 /* testAppTests.m */ = {isa = PBXFileReference; lastKnownFileType = sourcecode.c.objc; path = testAppTests.m; sourceTree = "<group>"; };
		FC47952B205553EA00218362 /* Info.plist */ = {isa = PBXFileReference; lastKnownFileType = text.plist.xml; path = Info.plist; sourceTree = "<group>"; };
		FC479530205553EA00218362 /* testAppUITests.xctest */ = {isa = PBXFileReference; explicitFileType = wrapper.cfbundle; includeInIndex = 0; path = testAppUITests.xctest; sourceTree = BUILT_PRODUCTS_DIR; };
		FC479534205553EA00218362 /* testAppUITests.m */ = {isa = PBXFileReference; lastKnownFileType = sourcecode.c.objc; path = testAppUITests.m; sourceTree = "<group>"; };
		FC479536205553EA00218362 /* Info.plist */ = {isa = PBXFileReference; lastKnownFileType = text.plist.xml; path = Info.plist; sourceTree = "<group>"; };
		FC47954A20556E6200218362 /* BaseViewController.h */ = {isa = PBXFileReference; lastKnownFileType = sourcecode.c.h; path = BaseViewController.h; sourceTree = "<group>"; };
		FC47954B20556E6200218362 /* BaseViewController.m */ = {isa = PBXFileReference; lastKnownFileType = sourcecode.c.objc; path = BaseViewController.m; sourceTree = "<group>"; };
		FC47954D20556E8B00218362 /* CoverMainViewController.h */ = {isa = PBXFileReference; lastKnownFileType = sourcecode.c.h; path = CoverMainViewController.h; sourceTree = "<group>"; };
		FC47954E20556E8B00218362 /* CoverMainViewController.m */ = {isa = PBXFileReference; lastKnownFileType = sourcecode.c.objc; path = CoverMainViewController.m; sourceTree = "<group>"; };
		FC47955020556E9A00218362 /* PriceViewController.h */ = {isa = PBXFileReference; lastKnownFileType = sourcecode.c.h; path = PriceViewController.h; sourceTree = "<group>"; };
		FC47955120556E9A00218362 /* PriceViewController.m */ = {isa = PBXFileReference; lastKnownFileType = sourcecode.c.objc; path = PriceViewController.m; sourceTree = "<group>"; };
		FC47955320556EAB00218362 /* GetCarViewController.h */ = {isa = PBXFileReference; lastKnownFileType = sourcecode.c.h; path = GetCarViewController.h; sourceTree = "<group>"; };
		FC47955420556EAB00218362 /* GetCarViewController.m */ = {isa = PBXFileReference; lastKnownFileType = sourcecode.c.objc; path = GetCarViewController.m; sourceTree = "<group>"; };
		FC47955620556EBB00218362 /* UserViewController.h */ = {isa = PBXFileReference; lastKnownFileType = sourcecode.c.h; path = UserViewController.h; sourceTree = "<group>"; };
		FC47955720556EBB00218362 /* UserViewController.m */ = {isa = PBXFileReference; lastKnownFileType = sourcecode.c.objc; path = UserViewController.m; sourceTree = "<group>"; };
		FC47955A2055765F00218362 /* UserInfoManager.h */ = {isa = PBXFileReference; lastKnownFileType = sourcecode.c.h; path = UserInfoManager.h; sourceTree = "<group>"; };
		FC47955B2055765F00218362 /* UserInfoManager.m */ = {isa = PBXFileReference; lastKnownFileType = sourcecode.c.objc; path = UserInfoManager.m; sourceTree = "<group>"; };
/* End PBXFileReference section */

/* Begin PBXFrameworksBuildPhase section */
		FC47950A205553E900218362 /* Frameworks */ = {
			isa = PBXFrameworksBuildPhase;
			buildActionMask = 2147483647;
			files = (
			);
			runOnlyForDeploymentPostprocessing = 0;
		};
		FC479522205553EA00218362 /* Frameworks */ = {
			isa = PBXFrameworksBuildPhase;
			buildActionMask = 2147483647;
			files = (
			);
			runOnlyForDeploymentPostprocessing = 0;
		};
		FC47952D205553EA00218362 /* Frameworks */ = {
			isa = PBXFrameworksBuildPhase;
			buildActionMask = 2147483647;
			files = (
			);
			runOnlyForDeploymentPostprocessing = 0;
		};
/* End PBXFrameworksBuildPhase section */

/* Begin PBXGroup section */
		FC479504205553E900218362 = {
			isa = PBXGroup;
			children = (
				FC47950F205553E900218362 /* testApp */,
				FC479528205553EA00218362 /* testAppTests */,
				FC479533205553EA00218362 /* testAppUITests */,
				FC47950E205553E900218362 /* Products */,
			);
			sourceTree = "<group>";
		};
		FC47950E205553E900218362 /* Products */ = {
			isa = PBXGroup;
			children = (
				FC47950D205553E900218362 /* testApp.app */,
				FC479525205553EA00218362 /* testAppTests.xctest */,
				FC479530205553EA00218362 /* testAppUITests.xctest */,
			);
			name = Products;
			sourceTree = "<group>";
		};
		FC47950F205553E900218362 /* testApp */ = {
			isa = PBXGroup;
			children = (
				FC47955920556EE300218362 /* Common */,
				FC4795472055565600218362 /* LoginView */,
				FC4795462055565200218362 /* CoverMainView */,
				FC4795452055564E00218362 /* PriceView */,
				FC4795442055564A00218362 /* GetCarView */,
				FC4795422055563B00218362 /* UserView */,
				FC47954920556E1700218362 /* Tool */,
				FC47954820556DE400218362 /* Extend */,
				FC479510205553E900218362 /* AppDelegate.h */,
				FC479511205553E900218362 /* AppDelegate.m */,
				FC479516205553E900218362 /* Main.storyboard */,
				FC479519205553E900218362 /* Assets.xcassets */,
				FC47951B205553E900218362 /* LaunchScreen.storyboard */,
				FC47951E205553E900218362 /* Info.plist */,
				FC47951F205553E900218362 /* main.m */,
			);
			path = testApp;
			sourceTree = "<group>";
		};
		FC479528205553EA00218362 /* testAppTests */ = {
			isa = PBXGroup;
			children = (
				FC479529205553EA00218362 /* testAppTests.m */,
				FC47952B205553EA00218362 /* Info.plist */,
			);
			path = testAppTests;
			sourceTree = "<group>";
		};
		FC479533205553EA00218362 /* testAppUITests */ = {
			isa = PBXGroup;
			children = (
				FC479534205553EA00218362 /* testAppUITests.m */,
				FC479536205553EA00218362 /* Info.plist */,
			);
			path = testAppUITests;
			sourceTree = "<group>";
		};
		FC4795422055563B00218362 /* UserView */ = {
			isa = PBXGroup;
			children = (
				FC47955620556EBB00218362 /* UserViewController.h */,
				FC47955720556EBB00218362 /* UserViewController.m */,
			);
			path = UserView;
			sourceTree = "<group>";
		};
		FC4795442055564A00218362 /* GetCarView */ = {
			isa = PBXGroup;
			children = (
				FC47955320556EAB00218362 /* GetCarViewController.h */,
				FC47955420556EAB00218362 /* GetCarViewController.m */,
			);
			path = GetCarView;
			sourceTree = "<group>";
		};
		FC4795452055564E00218362 /* PriceView */ = {
			isa = PBXGroup;
			children = (
				FC47955020556E9A00218362 /* PriceViewController.h */,
				FC47955120556E9A00218362 /* PriceViewController.m */,
			);
			path = PriceView;
			sourceTree = "<group>";
		};
		FC4795462055565200218362 /* CoverMainView */ = {
			isa = PBXGroup;
			children = (
				FC47954D20556E8B00218362 /* CoverMainViewController.h */,
				FC47954E20556E8B00218362 /* CoverMainViewController.m */,
			);
			path = CoverMainView;
			sourceTree = "<group>";
		};
		FC4795472055565600218362 /* LoginView */ = {
			isa = PBXGroup;
			children = (
			);
			path = LoginView;
			sourceTree = "<group>";
		};
		FC47954820556DE400218362 /* Extend */ = {
			isa = PBXGroup;
			children = (
			);
			path = Extend;
			sourceTree = "<group>";
		};
		FC47954920556E1700218362 /* Tool */ = {
			isa = PBXGroup;
			children = (
			);
			path = Tool;
			sourceTree = "<group>";
		};
		FC47955920556EE300218362 /* Common */ = {
			isa = PBXGroup;
			children = (
				FC47954A20556E6200218362 /* BaseViewController.h */,
				FC47954B20556E6200218362 /* BaseViewController.m */,
				FC47955A2055765F00218362 /* UserInfoManager.h */,
				FC47955B2055765F00218362 /* UserInfoManager.m */,
			);
			path = Common;
			sourceTree = "<group>";
		};
/* End PBXGroup section */

/* Begin PBXNativeTarget section */
		FC47950C205553E900218362 /* testApp */ = {
			isa = PBXNativeTarget;
			buildConfigurationList = FC479539205553EA00218362 /* Build configuration list for PBXNativeTarget "testApp" */;
			buildPhases = (
				FC479509205553E900218362 /* Sources */,
				FC47950A205553E900218362 /* Frameworks */,
				FC47950B205553E900218362 /* Resources */,
			);
			buildRules = (
			);
			dependencies = (
			);
			name = testApp;
			productName = testApp;
			productReference = FC47950D205553E900218362 /* testApp.app */;
			productType = "com.apple.product-type.application";
		};
		FC479524205553EA00218362 /* testAppTests */ = {
			isa = PBXNativeTarget;
			buildConfigurationList = FC47953C205553EA00218362 /* Build configuration list for PBXNativeTarget "testAppTests" */;
			buildPhases = (
				FC479521205553EA00218362 /* Sources */,
				FC479522205553EA00218362 /* Frameworks */,
				FC479523205553EA00218362 /* Resources */,
			);
			buildRules = (
			);
			dependencies = (
				FC479527205553EA00218362 /* PBXTargetDependency */,
			);
			name = testAppTests;
			productName = testAppTests;
			productReference = FC479525205553EA00218362 /* testAppTests.xctest */;
			productType = "com.apple.product-type.bundle.unit-test";
		};
		FC47952F205553EA00218362 /* testAppUITests */ = {
			isa = PBXNativeTarget;
			buildConfigurationList = FC47953F205553EA00218362 /* Build configuration list for PBXNativeTarget "testAppUITests" */;
			buildPhases = (
				FC47952C205553EA00218362 /* Sources */,
				FC47952D205553EA00218362 /* Frameworks */,
				FC47952E205553EA00218362 /* Resources */,
			);
			buildRules = (
			);
			dependencies = (
				FC479532205553EA00218362 /* PBXTargetDependency */,
			);
			name = testAppUITests;
			productName = testAppUITests;
			productReference = FC479530205553EA00218362 /* testAppUITests.xctest */;
			productType = "com.apple.product-type.bundle.ui-testing";
		};
/* End PBXNativeTarget section */

/* Begin PBXProject section */
		FC479505205553E900218362 /* Project object */ = {
			isa = PBXProject;
			attributes = {
				LastUpgradeCheck = 0920;
				ORGANIZATIONNAME = outPutTeam;
				TargetAttributes = {
					FC47950C205553E900218362 = {
						CreatedOnToolsVersion = 9.2;
						ProvisioningStyle = Automatic;
					};
					FC479524205553EA00218362 = {
						CreatedOnToolsVersion = 9.2;
						ProvisioningStyle = Automatic;
						TestTargetID = FC47950C205553E900218362;
					};
					FC47952F205553EA00218362 = {
						CreatedOnToolsVersion = 9.2;
						ProvisioningStyle = Automatic;
						TestTargetID = FC47950C205553E900218362;
					};
				};
			};
			buildConfigurationList = FC479508205553E900218362 /* Build configuration list for PBXProject "testApp" */;
			compatibilityVersion = "Xcode 8.0";
			developmentRegion = en;
			hasScannedForEncodings = 0;
			knownRegions = (
				en,
				Base,
			);
			mainGroup = FC479504205553E900218362;
			productRefGroup = FC47950E205553E900218362 /* Products */;
			projectDirPath = "";
			projectRoot = "";
			targets = (
				FC47950C205553E900218362 /* testApp */,
				FC479524205553EA00218362 /* testAppTests */,
				FC47952F205553EA00218362 /* testAppUITests */,
			);
		};
/* End PBXProject section */

/* Begin PBXResourcesBuildPhase section */
		FC47950B205553E900218362 /* Resources */ = {
			isa = PBXResourcesBuildPhase;
			buildActionMask = 2147483647;
			files = (
				FC47951D205553E900218362 /* LaunchScreen.storyboard in Resources */,
				FC47951A205553E900218362 /* Assets.xcassets in Resources */,
				FC479518205553E900218362 /* Main.storyboard in Resources */,
			);
			runOnlyForDeploymentPostprocessing = 0;
		};
		FC479523205553EA00218362 /* Resources */ = {
			isa = PBXResourcesBuildPhase;
			buildActionMask = 2147483647;
			files = (
			);
			runOnlyForDeploymentPostprocessing = 0;
		};
		FC47952E205553EA00218362 /* Resources */ = {
			isa = PBXResourcesBuildPhase;
			buildActionMask = 2147483647;
			files = (
			);
			runOnlyForDeploymentPostprocessing = 0;
		};
/* End PBXResourcesBuildPhase section */

/* Begin PBXSourcesBuildPhase section */
		FC479509205553E900218362 /* Sources */ = {
			isa = PBXSourcesBuildPhase;
			buildActionMask = 2147483647;
			files = (
				FC47955820556EBB00218362 /* UserViewController.m in Sources */,
				FC479520205553E900218362 /* main.m in Sources */,
				FC47955C2055765F00218362 /* UserInfoManager.m in Sources */,
				FC47955220556E9A00218362 /* PriceViewController.m in Sources */,
				FC47955520556EAB00218362 /* GetCarViewController.m in Sources */,
				FC47954C20556E6200218362 /* BaseViewController.m in Sources */,
				FC479512205553E900218362 /* AppDelegate.m in Sources */,
				FC47954F20556E8B00218362 /* CoverMainViewController.m in Sources */,
			);
			runOnlyForDeploymentPostprocessing = 0;
		};
		FC479521205553EA00218362 /* Sources */ = {
			isa = PBXSourcesBuildPhase;
			buildActionMask = 2147483647;
			files = (
				FC47952A205553EA00218362 /* testAppTests.m in Sources */,
			);
			runOnlyForDeploymentPostprocessing = 0;
		};
		FC47952C205553EA00218362 /* Sources */ = {
			isa = PBXSourcesBuildPhase;
			buildActionMask = 2147483647;
			files = (
				FC479535205553EA00218362 /* testAppUITests.m in Sources */,
			);
			runOnlyForDeploymentPostprocessing = 0;
		};
/* End PBXSourcesBuildPhase section */

/* Begin PBXTargetDependency section */
		FC479527205553EA00218362 /* PBXTargetDependency */ = {
			isa = PBXTargetDependency;
			target = FC47950C205553E900218362 /* testApp */;
			targetProxy = FC479526205553EA00218362 /* PBXContainerItemProxy */;
		};
		FC479532205553EA00218362 /* PBXTargetDependency */ = {
			isa = PBXTargetDependency;
			target = FC47950C205553E900218362 /* testApp */;
			targetProxy = FC479531205553EA00218362 /* PBXContainerItemProxy */;
		};
/* End PBXTargetDependency section */

/* Begin PBXVariantGroup section */
		FC479516205553E900218362 /* Main.storyboard */ = {
			isa = PBXVariantGroup;
			children = (
				FC479517205553E900218362 /* Base */,
			);
			name = Main.storyboard;
			sourceTree = "<group>";
		};
		FC47951B205553E900218362 /* LaunchScreen.storyboard */ = {
			isa = PBXVariantGroup;
			children = (
				FC47951C205553E900218362 /* Base */,
			);
			name = LaunchScreen.storyboard;
			sourceTree = "<group>";
		};
/* End PBXVariantGroup section */

/* Begin XCBuildConfiguration section */
		FC479537205553EA00218362 /* Debug */ = {
			isa = XCBuildConfiguration;
			buildSettings = {
				ALWAYS_SEARCH_USER_PATHS = NO;
				CLANG_ANALYZER_NONNULL = YES;
				CLANG_ANALYZER_NUMBER_OBJECT_CONVERSION = YES_AGGRESSIVE;
				CLANG_CXX_LANGUAGE_STANDARD = "gnu++14";
				CLANG_CXX_LIBRARY = "libc++";
				CLANG_ENABLE_MODULES = YES;
				CLANG_ENABLE_OBJC_ARC = YES;
				CLANG_WARN_BLOCK_CAPTURE_AUTORELEASING = YES;
				CLANG_WARN_BOOL_CONVERSION = YES;
				CLANG_WARN_COMMA = YES;
				CLANG_WARN_CONSTANT_CONVERSION = YES;
				CLANG_WARN_DIRECT_OBJC_ISA_USAGE = YES_ERROR;
				CLANG_WARN_DOCUMENTATION_COMMENTS = YES;
				CLANG_WARN_EMPTY_BODY = YES;
				CLANG_WARN_ENUM_CONVERSION = YES;
				CLANG_WARN_INFINITE_RECURSION = YES;
				CLANG_WARN_INT_CONVERSION = YES;
				CLANG_WARN_NON_LITERAL_NULL_CONVERSION = YES;
				CLANG_WARN_OBJC_LITERAL_CONVERSION = YES;
				CLANG_WARN_OBJC_ROOT_CLASS = YES_ERROR;
				CLANG_WARN_RANGE_LOOP_ANALYSIS = YES;
				CLANG_WARN_STRICT_PROTOTYPES = YES;
				CLANG_WARN_SUSPICIOUS_MOVE = YES;
				CLANG_WARN_UNGUARDED_AVAILABILITY = YES_AGGRESSIVE;
				CLANG_WARN_UNREACHABLE_CODE = YES;
				CLANG_WARN__DUPLICATE_METHOD_MATCH = YES;
				CODE_SIGN_IDENTITY = "iPhone Developer";
				COPY_PHASE_STRIP = NO;
				DEBUG_INFORMATION_FORMAT = dwarf;
				ENABLE_STRICT_OBJC_MSGSEND = YES;
				ENABLE_TESTABILITY = YES;
				GCC_C_LANGUAGE_STANDARD = gnu11;
				GCC_DYNAMIC_NO_PIC = NO;
				GCC_NO_COMMON_BLOCKS = YES;
				GCC_OPTIMIZATION_LEVEL = 0;
				GCC_PREPROCESSOR_DEFINITIONS = (
					"DEBUG=1",
					"$(inherited)",
				);
				GCC_WARN_64_TO_32_BIT_CONVERSION = YES;
				GCC_WARN_ABOUT_RETURN_TYPE = YES_ERROR;
				GCC_WARN_UNDECLARED_SELECTOR = YES;
				GCC_WARN_UNINITIALIZED_AUTOS = YES_AGGRESSIVE;
				GCC_WARN_UNUSED_FUNCTION = YES;
				GCC_WARN_UNUSED_VARIABLE = YES;
				IPHONEOS_DEPLOYMENT_TARGET = 11.2;
				MTL_ENABLE_DEBUG_INFO = YES;
				ONLY_ACTIVE_ARCH = YES;
				SDKROOT = iphoneos;
			};
			name = Debug;
		};
		FC479538205553EA00218362 /* Release */ = {
			isa = XCBuildConfiguration;
			buildSettings = {
				ALWAYS_SEARCH_USER_PATHS = NO;
				CLANG_ANALYZER_NONNULL = YES;
				CLANG_ANALYZER_NUMBER_OBJECT_CONVERSION = YES_AGGRESSIVE;
				CLANG_CXX_LANGUAGE_STANDARD = "gnu++14";
				CLANG_CXX_LIBRARY = "libc++";
				CLANG_ENABLE_MODULES = YES;
				CLANG_ENABLE_OBJC_ARC = YES;
				CLANG_WARN_BLOCK_CAPTURE_AUTORELEASING = YES;
				CLANG_WARN_BOOL_CONVERSION = YES;
				CLANG_WARN_COMMA = YES;
				CLANG_WARN_CONSTANT_CONVERSION = YES;
				CLANG_WARN_DIRECT_OBJC_ISA_USAGE = YES_ERROR;
				CLANG_WARN_DOCUMENTATION_COMMENTS = YES;
				CLANG_WARN_EMPTY_BODY = YES;
				CLANG_WARN_ENUM_CONVERSION = YES;
				CLANG_WARN_INFINITE_RECURSION = YES;
				CLANG_WARN_INT_CONVERSION = YES;
				CLANG_WARN_NON_LITERAL_NULL_CONVERSION = YES;
				CLANG_WARN_OBJC_LITERAL_CONVERSION = YES;
				CLANG_WARN_OBJC_ROOT_CLASS = YES_ERROR;
				CLANG_WARN_RANGE_LOOP_ANALYSIS = YES;
				CLANG_WARN_STRICT_PROTOTYPES = YES;
				CLANG_WARN_SUSPICIOUS_MOVE = YES;
				CLANG_WARN_UNGUARDED_AVAILABILITY = YES_AGGRESSIVE;
				CLANG_WARN_UNREACHABLE_CODE = YES;
				CLANG_WARN__DUPLICATE_METHOD_MATCH = YES;
				CODE_SIGN_IDENTITY = "iPhone Developer";
				COPY_PHASE_STRIP = NO;
				DEBUG_INFORMATION_FORMAT = "dwarf-with-dsym";
				ENABLE_NS_ASSERTIONS = NO;
				ENABLE_STRICT_OBJC_MSGSEND = YES;
				GCC_C_LANGUAGE_STANDARD = gnu11;
				GCC_NO_COMMON_BLOCKS = YES;
				GCC_WARN_64_TO_32_BIT_CONVERSION = YES;
				GCC_WARN_ABOUT_RETURN_TYPE = YES_ERROR;
				GCC_WARN_UNDECLARED_SELECTOR = YES;
				GCC_WARN_UNINITIALIZED_AUTOS = YES_AGGRESSIVE;
				GCC_WARN_UNUSED_FUNCTION = YES;
				GCC_WARN_UNUSED_VARIABLE = YES;
				IPHONEOS_DEPLOYMENT_TARGET = 11.2;
				MTL_ENABLE_DEBUG_INFO = NO;
				SDKROOT = iphoneos;
				VALIDATE_PRODUCT = YES;
			};
			name = Release;
		};
		FC47953A205553EA00218362 /* Debug */ = {
			isa = XCBuildConfiguration;
			buildSettings = {
				ASSETCATALOG_COMPILER_APPICON_NAME = AppIcon;
				CODE_SIGN_STYLE = Automatic;
				DEVELOPMENT_TEAM = 5VMXNS7PPW;
				INFOPLIST_FILE = testApp/Info.plist;
				LD_RUNPATH_SEARCH_PATHS = "$(inherited) @executable_path/Frameworks";
				PRODUCT_BUNDLE_IDENTIFIER = outPutTeam.testApp;
				PRODUCT_NAME = "$(TARGET_NAME)";
				TARGETED_DEVICE_FAMILY = "1,2";
			};
			name = Debug;
		};
		FC47953B205553EA00218362 /* Release */ = {
			isa = XCBuildConfiguration;
			buildSettings = {
				ASSETCATALOG_COMPILER_APPICON_NAME = AppIcon;
				CODE_SIGN_STYLE = Automatic;
				DEVELOPMENT_TEAM = 5VMXNS7PPW;
				INFOPLIST_FILE = testApp/Info.plist;
				LD_RUNPATH_SEARCH_PATHS = "$(inherited) @executable_path/Frameworks";
				PRODUCT_BUNDLE_IDENTIFIER = outPutTeam.testApp;
				PRODUCT_NAME = "$(TARGET_NAME)";
				TARGETED_DEVICE_FAMILY = "1,2";
			};
			name = Release;
		};
		FC47953D205553EA00218362 /* Debug */ = {
			isa = XCBuildConfiguration;
			buildSettings = {
				BUNDLE_LOADER = "$(TEST_HOST)";
				CODE_SIGN_STYLE = Automatic;
				DEVELOPMENT_TEAM = 5VMXNS7PPW;
				INFOPLIST_FILE = testAppTests/Info.plist;
				LD_RUNPATH_SEARCH_PATHS = "$(inherited) @executable_path/Frameworks @loader_path/Frameworks";
				PRODUCT_BUNDLE_IDENTIFIER = outPutTeam.testAppTests;
				PRODUCT_NAME = "$(TARGET_NAME)";
				TARGETED_DEVICE_FAMILY = "1,2";
				TEST_HOST = "$(BUILT_PRODUCTS_DIR)/testApp.app/testApp";
			};
			name = Debug;
		};
		FC47953E205553EA00218362 /* Release */ = {
			isa = XCBuildConfiguration;
			buildSettings = {
				BUNDLE_LOADER = "$(TEST_HOST)";
				CODE_SIGN_STYLE = Automatic;
				DEVELOPMENT_TEAM = 5VMXNS7PPW;
				INFOPLIST_FILE = testAppTests/Info.plist;
				LD_RUNPATH_SEARCH_PATHS = "$(inherited) @executable_path/Frameworks @loader_path/Frameworks";
				PRODUCT_BUNDLE_IDENTIFIER = outPutTeam.testAppTests;
				PRODUCT_NAME = "$(TARGET_NAME)";
				TARGETED_DEVICE_FAMILY = "1,2";
				TEST_HOST = "$(BUILT_PRODUCTS_DIR)/testApp.app/testApp";
			};
			name = Release;
		};
		FC479540205553EA00218362 /* Debug */ = {
			isa = XCBuildConfiguration;
			buildSettings = {
				CODE_SIGN_STYLE = Automatic;
				DEVELOPMENT_TEAM = 5VMXNS7PPW;
				INFOPLIST_FILE = testAppUITests/Info.plist;
				LD_RUNPATH_SEARCH_PATHS = "$(inherited) @executable_path/Frameworks @loader_path/Frameworks";
				PRODUCT_BUNDLE_IDENTIFIER = outPutTeam.testAppUITests;
				PRODUCT_NAME = "$(TARGET_NAME)";
				TARGETED_DEVICE_FAMILY = "1,2";
				TEST_TARGET_NAME = testApp;
			};
			name = Debug;
		};
		FC479541205553EA00218362 /* Release */ = {
			isa = XCBuildConfiguration;
			buildSettings = {
				CODE_SIGN_STYLE = Automatic;
				DEVELOPMENT_TEAM = 5VMXNS7PPW;
				INFOPLIST_FILE = testAppUITests/Info.plist;
				LD_RUNPATH_SEARCH_PATHS = "$(inherited) @executable_path/Frameworks @loader_path/Frameworks";
				PRODUCT_BUNDLE_IDENTIFIER = outPutTeam.testAppUITests;
				PRODUCT_NAME = "$(TARGET_NAME)";
				TARGETED_DEVICE_FAMILY = "1,2";
				TEST_TARGET_NAME = testApp;
			};
			name = Release;
		};
/* End XCBuildConfiguration section */

/* Begin XCConfigurationList section */
		FC479508205553E900218362 /* Build configuration list for PBXProject "testApp" */ = {
			isa = XCConfigurationList;
			buildConfigurations = (
				FC479537205553EA00218362 /* Debug */,
				FC479538205553EA00218362 /* Release */,
			);
			defaultConfigurationIsVisible = 0;
			defaultConfigurationName = Release;
		};
		FC479539205553EA00218362 /* Build configuration list for PBXNativeTarget "testApp" */ = {
			isa = XCConfigurationList;
			buildConfigurations = (
				FC47953A205553EA00218362 /* Debug */,
				FC47953B205553EA00218362 /* Release */,
			);
			defaultConfigurationIsVisible = 0;
			defaultConfigurationName = Release;
		};
		FC47953C205553EA00218362 /* Build configuration list for PBXNativeTarget "testAppTests" */ = {
			isa = XCConfigurationList;
			buildConfigurations = (
				FC47953D205553EA00218362 /* Debug */,
				FC47953E205553EA00218362 /* Release */,
			);
			defaultConfigurationIsVisible = 0;
			defaultConfigurationName = Release;
		};
		FC47953F205553EA00218362 /* Build configuration list for PBXNativeTarget "testAppUITests" */ = {
			isa = XCConfigurationList;
			buildConfigurations = (
				FC479540205553EA00218362 /* Debug */,
				FC479541205553EA00218362 /* Release */,
			);
			defaultConfigurationIsVisible = 0;
			defaultConfigurationName = Release;
		};
/* End XCConfigurationList section */
	};
	rootObject = FC479505205553E900218362 /* Project object */;
}
