// !$*UTF8*$!
{
	archiveVersion = 1;
	classes = {
	};
	objectVersion = 48;
	objects = {

/* Begin PBXBuildFile section */
		25036826205D57870052209A /* PriceCommerceInsTableViewCell.m in Sources */ = {isa = PBXBuildFile; fileRef = 25036825205D57870052209A /* PriceCommerceInsTableViewCell.m */; };
		2503682C205E4A060052209A /* PriceInfoAddTableViewCell.m in Sources */ = {isa = PBXBuildFile; fileRef = 2503682B205E4A060052209A /* PriceInfoAddTableViewCell.m */; };
		2503682F205E4A800052209A /* PriceInfoSaveTableViewCell.m in Sources */ = {isa = PBXBuildFile; fileRef = 2503682E205E4A800052209A /* PriceInfoSaveTableViewCell.m */; };
		25036832205E50060052209A /* PriceInspectViewController.m in Sources */ = {isa = PBXBuildFile; fileRef = 25036831205E50060052209A /* PriceInspectViewController.m */; };
		25036835205E51940052209A /* PriceInspectTableViewCell.m in Sources */ = {isa = PBXBuildFile; fileRef = 25036834205E51940052209A /* PriceInspectTableViewCell.m */; };
		25036838205E5AE90052209A /* PriceCarInsuranceQViewController.m in Sources */ = {isa = PBXBuildFile; fileRef = 25036837205E5AE90052209A /* PriceCarInsuranceQViewController.m */; };
		2503683E205E5C0F0052209A /* priceCIQChangeView.m in Sources */ = {isa = PBXBuildFile; fileRef = 2503683D205E5C0F0052209A /* priceCIQChangeView.m */; };
		25036841205E8EE70052209A /* PriceCarILasetYTableViewCell.m in Sources */ = {isa = PBXBuildFile; fileRef = 25036840205E8EE70052209A /* PriceCarILasetYTableViewCell.m */; };
		25036844205E99620052209A /* PriceCarRecordTableViewCell.m in Sources */ = {isa = PBXBuildFile; fileRef = 25036843205E99620052209A /* PriceCarRecordTableViewCell.m */; };
		25036847205EA5760052209A /* PriceCIQLastYInfoView.m in Sources */ = {isa = PBXBuildFile; fileRef = 25036846205EA5760052209A /* PriceCIQLastYInfoView.m */; };
		2503684B205EAA010052209A /* priceCRQLastYLabelTableViewCell.m in Sources */ = {isa = PBXBuildFile; fileRef = 2503684A205EAA010052209A /* priceCRQLastYLabelTableViewCell.m */; };
		2503684E205EAEAB0052209A /* PriceCRQLastYInfoTableViewCell.m in Sources */ = {isa = PBXBuildFile; fileRef = 2503684D205EAEAB0052209A /* PriceCRQLastYInfoTableViewCell.m */; };
		25178A30205BF12F00B9293E /* PriceInfoViewController.m in Sources */ = {isa = PBXBuildFile; fileRef = 25178A2F205BF12F00B9293E /* PriceInfoViewController.m */; };
		25178A34205BF47800B9293E /* PriceInfolabelTableViewCell.m in Sources */ = {isa = PBXBuildFile; fileRef = 25178A33205BF47800B9293E /* PriceInfolabelTableViewCell.m */; };
		25663ED3205FEC1C0076039A /* PriceCustomerInformEntryViewController.m in Sources */ = {isa = PBXBuildFile; fileRef = 25663ED2205FEC1C0076039A /* PriceCustomerInformEntryViewController.m */; };
		25663ED7205FEEFA0076039A /* PriceCustomerInformEntryTableViewCell.m in Sources */ = {isa = PBXBuildFile; fileRef = 25663ED6205FEEFA0076039A /* PriceCustomerInformEntryTableViewCell.m */; };
		25663EDA206004470076039A /* PriceCustomerInformEntrySubmitTableViewCell.m in Sources */ = {isa = PBXBuildFile; fileRef = 25663ED9206004470076039A /* PriceCustomerInformEntrySubmitTableViewCell.m */; };
		25D67183206953EB00F7A684 /* PriceUnderwritingTextTableViewCell.m in Sources */ = {isa = PBXBuildFile; fileRef = 25D6717B206953A600F7A684 /* PriceUnderwritingTextTableViewCell.m */; };
		25D67184206953EB00F7A684 /* PriceUnderwritingChooseTableViewCell.h in Sources */ = {isa = PBXBuildFile; fileRef = 25D6717C206953A600F7A684 /* PriceUnderwritingChooseTableViewCell.h */; };
		25D67185206953EB00F7A684 /* PriceUnderwritingTableViewCell.h in Sources */ = {isa = PBXBuildFile; fileRef = 25D6717D206953A600F7A684 /* PriceUnderwritingTableViewCell.h */; };
		25D67186206953EB00F7A684 /* PriceUnderwritingRenewalTableViewCell.m in Sources */ = {isa = PBXBuildFile; fileRef = 25D6717E206953A600F7A684 /* PriceUnderwritingRenewalTableViewCell.m */; };
		25D67187206953EB00F7A684 /* PriceUnderwritingTextTableViewCell.h in Sources */ = {isa = PBXBuildFile; fileRef = 25D6717F206953A600F7A684 /* PriceUnderwritingTextTableViewCell.h */; };
		25D67188206953EB00F7A684 /* PriceUnderwritingTableViewCell.m in Sources */ = {isa = PBXBuildFile; fileRef = 25D67180206953A600F7A684 /* PriceUnderwritingTableViewCell.m */; };
		25D67189206953EB00F7A684 /* PriceUnderwritingChooseTableViewCell.m in Sources */ = {isa = PBXBuildFile; fileRef = 25D67181206953A600F7A684 /* PriceUnderwritingChooseTableViewCell.m */; };
		25D6718A206953EB00F7A684 /* PriceUnderwritingRenewalTableViewCell.h in Sources */ = {isa = PBXBuildFile; fileRef = 25D67182206953A600F7A684 /* PriceUnderwritingRenewalTableViewCell.h */; };
		25D6718D206954BA00F7A684 /* PriceUnderwritingViewController.m in Sources */ = {isa = PBXBuildFile; fileRef = 25D6718C206954BA00F7A684 /* PriceUnderwritingViewController.m */; };
		25D6718E206954C800F7A684 /* PriceUnderwritingViewController.h in Sources */ = {isa = PBXBuildFile; fileRef = 25D6718B206954BA00F7A684 /* PriceUnderwritingViewController.h */; };
		A71D2D6A2062C302009B889D /* XCMyCommissionViewController.m in Sources */ = {isa = PBXBuildFile; fileRef = A71D2D692062C302009B889D /* XCMyCommissionViewController.m */; };
		A71E4890205E48AA001670D3 /* XCUserListCollectionViewCell.m in Sources */ = {isa = PBXBuildFile; fileRef = A71E488F205E48AA001670D3 /* XCUserListCollectionViewCell.m */; };
		A71E4893205E5429001670D3 /* XCUserListHeaderView.m in Sources */ = {isa = PBXBuildFile; fileRef = A71E4892205E5429001670D3 /* XCUserListHeaderView.m */; };
		A71E4896205E590D001670D3 /* XCUserListModel.m in Sources */ = {isa = PBXBuildFile; fileRef = A71E4895205E590D001670D3 /* XCUserListModel.m */; };
		A71E489A205EB1E3001670D3 /* XCCheckoutBaseTableViewController.m in Sources */ = {isa = PBXBuildFile; fileRef = A71E4899205EB1E3001670D3 /* XCCheckoutBaseTableViewController.m */; };
		A71E489D205EB22B001670D3 /* XCCheckoutTableViewCell.m in Sources */ = {isa = PBXBuildFile; fileRef = A71E489C205EB22B001670D3 /* XCCheckoutTableViewCell.m */; };
		A71E48A0205EB2E7001670D3 /* XCCheckoutModel.m in Sources */ = {isa = PBXBuildFile; fileRef = A71E489F205EB2E7001670D3 /* XCCheckoutModel.m */; };
		A71E48A4205ED0B4001670D3 /* XCUserUnderWritingViewController.m in Sources */ = {isa = PBXBuildFile; fileRef = A71E48A3205ED0B4001670D3 /* XCUserUnderWritingViewController.m */; };
		A79A510B20597A4F000D8D0F /* UIColor+Help.m in Sources */ = {isa = PBXBuildFile; fileRef = A79A510A20597A4F000D8D0F /* UIColor+Help.m */; };
		A79A511120597F91000D8D0F /* XCUserTopView.m in Sources */ = {isa = PBXBuildFile; fileRef = A79A511020597F91000D8D0F /* XCUserTopView.m */; };
		A7C8818220662B4A0073568F /* LYZAlertView.m in Sources */ = {isa = PBXBuildFile; fileRef = A7C8818120662B4A0073568F /* LYZAlertView.m */; };
		A7C88185206665D80073568F /* XCCheckoutDetailBaseTableViewController.m in Sources */ = {isa = PBXBuildFile; fileRef = A7C88184206665D80073568F /* XCCheckoutDetailBaseTableViewController.m */; };
		A7C88188206667370073568F /* XCCheckoutDetailTextCell.m in Sources */ = {isa = PBXBuildFile; fileRef = A7C88187206667370073568F /* XCCheckoutDetailTextCell.m */; };
		A7C8818B2066750B0073568F /* XCUserUnderWritingDetailViewController.m in Sources */ = {isa = PBXBuildFile; fileRef = A7C8818A2066750B0073568F /* XCUserUnderWritingDetailViewController.m */; };
		A7C8818F2066BDBE0073568F /* XCCheckoutDetailTextFiledCell.m in Sources */ = {isa = PBXBuildFile; fileRef = A7C8818E2066BDBE0073568F /* XCCheckoutDetailTextFiledCell.m */; };
		A7C9E0FA205D8B9F00FFEF5B /* XCUserListView.m in Sources */ = {isa = PBXBuildFile; fileRef = A7C9E0F9205D8B9F00FFEF5B /* XCUserListView.m */; };
		A7C9E0FC205D8F5E00FFEF5B /* userListViewData.plist in Resources */ = {isa = PBXBuildFile; fileRef = A7C9E0FB205D8F5E00FFEF5B /* userListViewData.plist */; };
		B920F964B968291C87CBC82D /* libPods-testApp.a in Frameworks */ = {isa = PBXBuildFile; fileRef = D9D549854117E8F1634745B6 /* libPods-testApp.a */; };
		FC1724F120668FDB00B23D7F /* MyMedalView.m in Sources */ = {isa = PBXBuildFile; fileRef = FC1724F020668FDB00B23D7F /* MyMedalView.m */; };
		FC28057A205B63D700DD0DA9 /* MyMedalViewController.m in Sources */ = {isa = PBXBuildFile; fileRef = FC280579205B63D700DD0DA9 /* MyMedalViewController.m */; };
		FC2805BD205D96B900DD0DA9 /* back@2x.png in Resources */ = {isa = PBXBuildFile; fileRef = FC2805A9205D96B800DD0DA9 /* back@2x.png */; };
		FC2805BE205D96B900DD0DA9 /* back@3x.png in Resources */ = {isa = PBXBuildFile; fileRef = FC2805AA205D96B800DD0DA9 /* back@3x.png */; };
		FC2805BF205D96B900DD0DA9 /* login_code@2x.png in Resources */ = {isa = PBXBuildFile; fileRef = FC2805AC205D96B800DD0DA9 /* login_code@2x.png */; };
		FC2805C0205D96B900DD0DA9 /* login_code@3x.png in Resources */ = {isa = PBXBuildFile; fileRef = FC2805AD205D96B800DD0DA9 /* login_code@3x.png */; };
		FC2805C1205D96B900DD0DA9 /* login_location@2x.png in Resources */ = {isa = PBXBuildFile; fileRef = FC2805AE205D96B800DD0DA9 /* login_location@2x.png */; };
		FC2805C2205D96B900DD0DA9 /* login_location@3x.png in Resources */ = {isa = PBXBuildFile; fileRef = FC2805AF205D96B800DD0DA9 /* login_location@3x.png */; };
		FC2805C3205D96B900DD0DA9 /* login_password@2x.png in Resources */ = {isa = PBXBuildFile; fileRef = FC2805B0205D96B800DD0DA9 /* login_password@2x.png */; };
		FC2805C4205D96B900DD0DA9 /* login_password@3x.png in Resources */ = {isa = PBXBuildFile; fileRef = FC2805B1205D96B800DD0DA9 /* login_password@3x.png */; };
		FC2805C5205D96B900DD0DA9 /* login_preson@2x.png in Resources */ = {isa = PBXBuildFile; fileRef = FC2805B2205D96B800DD0DA9 /* login_preson@2x.png */; };
		FC2805C6205D96B900DD0DA9 /* login_preson@3x.png in Resources */ = {isa = PBXBuildFile; fileRef = FC2805B3205D96B800DD0DA9 /* login_preson@3x.png */; };
		FC2805C7205D96B900DD0DA9 /* login_username@2x.png in Resources */ = {isa = PBXBuildFile; fileRef = FC2805B4205D96B800DD0DA9 /* login_username@2x.png */; };
		FC2805C8205D96B900DD0DA9 /* login_username@3x.png in Resources */ = {isa = PBXBuildFile; fileRef = FC2805B5205D96B800DD0DA9 /* login_username@3x.png */; };
		FC2805CA205D96B900DD0DA9 /* 背景@2x.png in Resources */ = {isa = PBXBuildFile; fileRef = FC2805BC205D96B800DD0DA9 /* 背景@2x.png */; };
		FC2805CD205D96CD00DD0DA9 /* FinishTipsView.m in Sources */ = {isa = PBXBuildFile; fileRef = FC2805CC205D96CD00DD0DA9 /* FinishTipsView.m */; };
		FC2805D4205D96DF00DD0DA9 /* FindPasswordViewController.m in Sources */ = {isa = PBXBuildFile; fileRef = FC2805CE205D96DF00DD0DA9 /* FindPasswordViewController.m */; };
		FC2805D5205D96DF00DD0DA9 /* LoginViewController.m in Sources */ = {isa = PBXBuildFile; fileRef = FC2805D1205D96DF00DD0DA9 /* LoginViewController.m */; };
		FC2805D6205D96DF00DD0DA9 /* UserInfoConfirmView.m in Sources */ = {isa = PBXBuildFile; fileRef = FC2805D3205D96DF00DD0DA9 /* UserInfoConfirmView.m */; };
		FC2805DF205E260300DD0DA9 /* UIButton+ImageTitleSpacing.m in Sources */ = {isa = PBXBuildFile; fileRef = FC2805DD205E260300DD0DA9 /* UIButton+ImageTitleSpacing.m */; };
		FC2805E5205E5EB000DD0DA9 /* RequestAPI.m in Sources */ = {isa = PBXBuildFile; fileRef = FC2805E4205E5EB000DD0DA9 /* RequestAPI.m */; };
		FC479512205553E900218362 /* AppDelegate.m in Sources */ = {isa = PBXBuildFile; fileRef = FC479511205553E900218362 /* AppDelegate.m */; };
		FC47951A205553E900218362 /* Assets.xcassets in Resources */ = {isa = PBXBuildFile; fileRef = FC479519205553E900218362 /* Assets.xcassets */; };
		FC47951D205553E900218362 /* LaunchScreen.storyboard in Resources */ = {isa = PBXBuildFile; fileRef = FC47951B205553E900218362 /* LaunchScreen.storyboard */; };
		FC479520205553E900218362 /* main.m in Sources */ = {isa = PBXBuildFile; fileRef = FC47951F205553E900218362 /* main.m */; };
		FC47952A205553EA00218362 /* testAppTests.m in Sources */ = {isa = PBXBuildFile; fileRef = FC479529205553EA00218362 /* testAppTests.m */; };
		FC479535205553EA00218362 /* testAppUITests.m in Sources */ = {isa = PBXBuildFile; fileRef = FC479534205553EA00218362 /* testAppUITests.m */; };
		FC47954F20556E8B00218362 /* CoverMainViewController.m in Sources */ = {isa = PBXBuildFile; fileRef = FC47954E20556E8B00218362 /* CoverMainViewController.m */; };
		FC47955220556E9A00218362 /* PriceViewController.m in Sources */ = {isa = PBXBuildFile; fileRef = FC47955120556E9A00218362 /* PriceViewController.m */; };
		FC47955520556EAB00218362 /* GetCarViewController.m in Sources */ = {isa = PBXBuildFile; fileRef = FC47955420556EAB00218362 /* GetCarViewController.m */; };
		FC47955820556EBB00218362 /* UserViewController.m in Sources */ = {isa = PBXBuildFile; fileRef = FC47955720556EBB00218362 /* UserViewController.m */; };
		FC47955C2055765F00218362 /* UserInfoManager.m in Sources */ = {isa = PBXBuildFile; fileRef = FC47955B2055765F00218362 /* UserInfoManager.m */; };
		FC4F7D032067748100468032 /* BaseViewController1.m in Sources */ = {isa = PBXBuildFile; fileRef = FC4F7D022067748100468032 /* BaseViewController1.m */; };
		FC4F7D0C2067762500468032 /* MedalDetailViewController.m in Sources */ = {isa = PBXBuildFile; fileRef = FC4F7D0B2067762500468032 /* MedalDetailViewController.m */; };
		FC4F7D0F2067791F00468032 /* MedalDetailCell.m in Sources */ = {isa = PBXBuildFile; fileRef = FC4F7D0E2067791F00468032 /* MedalDetailCell.m */; };
		FCCC0EB8206150E400986A9E /* price_nomnal@2x.png in Resources */ = {isa = PBXBuildFile; fileRef = FCCC0EB1206150E400986A9E /* price_nomnal@2x.png */; };
		FCCC0EB9206150E400986A9E /* user_select@2x.png in Resources */ = {isa = PBXBuildFile; fileRef = FCCC0EB2206150E400986A9E /* user_select@2x.png */; };
		FCCC0EBA206150E400986A9E /* coverMain_nomnal@2x.png in Resources */ = {isa = PBXBuildFile; fileRef = FCCC0EB3206150E400986A9E /* coverMain_nomnal@2x.png */; };
		FCCC0EBB206150E400986A9E /* user_nomnal@2x.png in Resources */ = {isa = PBXBuildFile; fileRef = FCCC0EB4206150E400986A9E /* user_nomnal@2x.png */; };
		FCCC0EBC206150E400986A9E /* coverMain_select@2x.png in Resources */ = {isa = PBXBuildFile; fileRef = FCCC0EB5206150E400986A9E /* coverMain_select@2x.png */; };
		FCCC0EBD206150E400986A9E /* getCar_nomnal@2x.png in Resources */ = {isa = PBXBuildFile; fileRef = FCCC0EB6206150E400986A9E /* getCar_nomnal@2x.png */; };
		FCCC0EBE206150E400986A9E /* price_select@2x.png in Resources */ = {isa = PBXBuildFile; fileRef = FCCC0EB7206150E400986A9E /* price_select@2x.png */; };
		FCCC0EC0206150F600986A9E /* getCar_select@2x.png in Resources */ = {isa = PBXBuildFile; fileRef = FCCC0EBF206150F600986A9E /* getCar_select@2x.png */; };
		FCCC0EC92061519000986A9E /* price_select@3x.png in Resources */ = {isa = PBXBuildFile; fileRef = FCCC0EC12061519000986A9E /* price_select@3x.png */; };
		FCCC0ECA2061519000986A9E /* price_nomnal@3x.png in Resources */ = {isa = PBXBuildFile; fileRef = FCCC0EC22061519000986A9E /* price_nomnal@3x.png */; };
		FCCC0ECB2061519000986A9E /* user_nomnal@3x.png in Resources */ = {isa = PBXBuildFile; fileRef = FCCC0EC32061519000986A9E /* user_nomnal@3x.png */; };
		FCCC0ECC2061519000986A9E /* getCar_nomnal@3x.png in Resources */ = {isa = PBXBuildFile; fileRef = FCCC0EC42061519000986A9E /* getCar_nomnal@3x.png */; };
		FCCC0ECD2061519000986A9E /* coverMain_nomnal@3x.png in Resources */ = {isa = PBXBuildFile; fileRef = FCCC0EC52061519000986A9E /* coverMain_nomnal@3x.png */; };
		FCCC0ECE2061519000986A9E /* user_select@3x.png in Resources */ = {isa = PBXBuildFile; fileRef = FCCC0EC62061519000986A9E /* user_select@3x.png */; };
		FCCC0ECF2061519000986A9E /* coverMain_select@3x.png in Resources */ = {isa = PBXBuildFile; fileRef = FCCC0EC72061519000986A9E /* coverMain_select@3x.png */; };
		FCCC0ED02061519000986A9E /* getCar_select@3x.png in Resources */ = {isa = PBXBuildFile; fileRef = FCCC0EC82061519000986A9E /* getCar_select@3x.png */; };
		FCCC0ED3206151D700986A9E /* next@3x.png in Resources */ = {isa = PBXBuildFile; fileRef = FCCC0ED1206151D700986A9E /* next@3x.png */; };
		FCCC0ED4206151D700986A9E /* next@2x.png in Resources */ = {isa = PBXBuildFile; fileRef = FCCC0ED2206151D700986A9E /* next@2x.png */; };
		FCCC0ED72061754C00986A9E /* BaseNavigationBar.m in Sources */ = {isa = PBXBuildFile; fileRef = FCCC0ED62061754C00986A9E /* BaseNavigationBar.m */; };
		FCFAF951205A7011001E9796 /* BaseTabbarController.m in Sources */ = {isa = PBXBuildFile; fileRef = FCFAF950205A7011001E9796 /* BaseTabbarController.m */; };
		FCFB6024206102E500587763 /* CoverPerformanceView.m in Sources */ = {isa = PBXBuildFile; fileRef = FCFB6023206102E500587763 /* CoverPerformanceView.m */; };
/* End PBXBuildFile section */

/* Begin PBXContainerItemProxy section */
		FC479526205553EA00218362 /* PBXContainerItemProxy */ = {
			isa = PBXContainerItemProxy;
			containerPortal = FC479505205553E900218362 /* Project object */;
			proxyType = 1;
			remoteGlobalIDString = FC47950C205553E900218362;
			remoteInfo = testApp;
		};
		FC479531205553EA00218362 /* PBXContainerItemProxy */ = {
			isa = PBXContainerItemProxy;
			containerPortal = FC479505205553E900218362 /* Project object */;
			proxyType = 1;
			remoteGlobalIDString = FC47950C205553E900218362;
			remoteInfo = testApp;
		};
/* End PBXContainerItemProxy section */

/* Begin PBXFileReference section */
		25036824205D57870052209A /* PriceCommerceInsTableViewCell.h */ = {isa = PBXFileReference; lastKnownFileType = sourcecode.c.h; path = PriceCommerceInsTableViewCell.h; sourceTree = "<group>"; };
		25036825205D57870052209A /* PriceCommerceInsTableViewCell.m */ = {isa = PBXFileReference; lastKnownFileType = sourcecode.c.objc; path = PriceCommerceInsTableViewCell.m; sourceTree = "<group>"; };
		2503682A205E4A060052209A /* PriceInfoAddTableViewCell.h */ = {isa = PBXFileReference; lastKnownFileType = sourcecode.c.h; path = PriceInfoAddTableViewCell.h; sourceTree = "<group>"; };
		2503682B205E4A060052209A /* PriceInfoAddTableViewCell.m */ = {isa = PBXFileReference; lastKnownFileType = sourcecode.c.objc; path = PriceInfoAddTableViewCell.m; sourceTree = "<group>"; };
		2503682D205E4A800052209A /* PriceInfoSaveTableViewCell.h */ = {isa = PBXFileReference; lastKnownFileType = sourcecode.c.h; path = PriceInfoSaveTableViewCell.h; sourceTree = "<group>"; };
		2503682E205E4A800052209A /* PriceInfoSaveTableViewCell.m */ = {isa = PBXFileReference; lastKnownFileType = sourcecode.c.objc; path = PriceInfoSaveTableViewCell.m; sourceTree = "<group>"; };
		25036830205E50060052209A /* PriceInspectViewController.h */ = {isa = PBXFileReference; lastKnownFileType = sourcecode.c.h; path = PriceInspectViewController.h; sourceTree = "<group>"; };
		25036831205E50060052209A /* PriceInspectViewController.m */ = {isa = PBXFileReference; lastKnownFileType = sourcecode.c.objc; path = PriceInspectViewController.m; sourceTree = "<group>"; };
		25036833205E51940052209A /* PriceInspectTableViewCell.h */ = {isa = PBXFileReference; lastKnownFileType = sourcecode.c.h; path = PriceInspectTableViewCell.h; sourceTree = "<group>"; };
		25036834205E51940052209A /* PriceInspectTableViewCell.m */ = {isa = PBXFileReference; lastKnownFileType = sourcecode.c.objc; path = PriceInspectTableViewCell.m; sourceTree = "<group>"; };
		25036836205E5AE90052209A /* PriceCarInsuranceQViewController.h */ = {isa = PBXFileReference; lastKnownFileType = sourcecode.c.h; path = PriceCarInsuranceQViewController.h; sourceTree = "<group>"; };
		25036837205E5AE90052209A /* PriceCarInsuranceQViewController.m */ = {isa = PBXFileReference; lastKnownFileType = sourcecode.c.objc; path = PriceCarInsuranceQViewController.m; sourceTree = "<group>"; };
		2503683C205E5C0F0052209A /* priceCIQChangeView.h */ = {isa = PBXFileReference; lastKnownFileType = sourcecode.c.h; path = priceCIQChangeView.h; sourceTree = "<group>"; };
		2503683D205E5C0F0052209A /* priceCIQChangeView.m */ = {isa = PBXFileReference; lastKnownFileType = sourcecode.c.objc; path = priceCIQChangeView.m; sourceTree = "<group>"; };
		2503683F205E8EE70052209A /* PriceCarILasetYTableViewCell.h */ = {isa = PBXFileReference; lastKnownFileType = sourcecode.c.h; path = PriceCarILasetYTableViewCell.h; sourceTree = "<group>"; };
		25036840205E8EE70052209A /* PriceCarILasetYTableViewCell.m */ = {isa = PBXFileReference; lastKnownFileType = sourcecode.c.objc; path = PriceCarILasetYTableViewCell.m; sourceTree = "<group>"; };
		25036842205E99620052209A /* PriceCarRecordTableViewCell.h */ = {isa = PBXFileReference; lastKnownFileType = sourcecode.c.h; path = PriceCarRecordTableViewCell.h; sourceTree = "<group>"; };
		25036843205E99620052209A /* PriceCarRecordTableViewCell.m */ = {isa = PBXFileReference; lastKnownFileType = sourcecode.c.objc; path = PriceCarRecordTableViewCell.m; sourceTree = "<group>"; };
		25036845205EA5760052209A /* PriceCIQLastYInfoView.h */ = {isa = PBXFileReference; lastKnownFileType = sourcecode.c.h; path = PriceCIQLastYInfoView.h; sourceTree = "<group>"; };
		25036846205EA5760052209A /* PriceCIQLastYInfoView.m */ = {isa = PBXFileReference; lastKnownFileType = sourcecode.c.objc; path = PriceCIQLastYInfoView.m; sourceTree = "<group>"; };
		25036849205EAA010052209A /* priceCRQLastYLabelTableViewCell.h */ = {isa = PBXFileReference; lastKnownFileType = sourcecode.c.h; path = priceCRQLastYLabelTableViewCell.h; sourceTree = "<group>"; };
		2503684A205EAA010052209A /* priceCRQLastYLabelTableViewCell.m */ = {isa = PBXFileReference; lastKnownFileType = sourcecode.c.objc; path = priceCRQLastYLabelTableViewCell.m; sourceTree = "<group>"; };
		2503684C205EAEAB0052209A /* PriceCRQLastYInfoTableViewCell.h */ = {isa = PBXFileReference; lastKnownFileType = sourcecode.c.h; path = PriceCRQLastYInfoTableViewCell.h; sourceTree = "<group>"; };
		2503684D205EAEAB0052209A /* PriceCRQLastYInfoTableViewCell.m */ = {isa = PBXFileReference; lastKnownFileType = sourcecode.c.objc; path = PriceCRQLastYInfoTableViewCell.m; sourceTree = "<group>"; };
		25178A2E205BF12F00B9293E /* PriceInfoViewController.h */ = {isa = PBXFileReference; lastKnownFileType = sourcecode.c.h; path = PriceInfoViewController.h; sourceTree = "<group>"; };
		25178A2F205BF12F00B9293E /* PriceInfoViewController.m */ = {isa = PBXFileReference; lastKnownFileType = sourcecode.c.objc; path = PriceInfoViewController.m; sourceTree = "<group>"; };
		25178A32205BF47800B9293E /* PriceInfolabelTableViewCell.h */ = {isa = PBXFileReference; lastKnownFileType = sourcecode.c.h; path = PriceInfolabelTableViewCell.h; sourceTree = "<group>"; };
		25178A33205BF47800B9293E /* PriceInfolabelTableViewCell.m */ = {isa = PBXFileReference; lastKnownFileType = sourcecode.c.objc; path = PriceInfolabelTableViewCell.m; sourceTree = "<group>"; };
		25663ED1205FEC1C0076039A /* PriceCustomerInformEntryViewController.h */ = {isa = PBXFileReference; lastKnownFileType = sourcecode.c.h; path = PriceCustomerInformEntryViewController.h; sourceTree = "<group>"; };
		25663ED2205FEC1C0076039A /* PriceCustomerInformEntryViewController.m */ = {isa = PBXFileReference; lastKnownFileType = sourcecode.c.objc; path = PriceCustomerInformEntryViewController.m; sourceTree = "<group>"; };
		25663ED5205FEEFA0076039A /* PriceCustomerInformEntryTableViewCell.h */ = {isa = PBXFileReference; lastKnownFileType = sourcecode.c.h; path = PriceCustomerInformEntryTableViewCell.h; sourceTree = "<group>"; };
		25663ED6205FEEFA0076039A /* PriceCustomerInformEntryTableViewCell.m */ = {isa = PBXFileReference; lastKnownFileType = sourcecode.c.objc; path = PriceCustomerInformEntryTableViewCell.m; sourceTree = "<group>"; };
		25663ED8206004470076039A /* PriceCustomerInformEntrySubmitTableViewCell.h */ = {isa = PBXFileReference; lastKnownFileType = sourcecode.c.h; path = PriceCustomerInformEntrySubmitTableViewCell.h; sourceTree = "<group>"; };
		25663ED9206004470076039A /* PriceCustomerInformEntrySubmitTableViewCell.m */ = {isa = PBXFileReference; lastKnownFileType = sourcecode.c.objc; path = PriceCustomerInformEntrySubmitTableViewCell.m; sourceTree = "<group>"; };
		25D6717B206953A600F7A684 /* PriceUnderwritingTextTableViewCell.m */ = {isa = PBXFileReference; lastKnownFileType = sourcecode.c.objc; path = PriceUnderwritingTextTableViewCell.m; sourceTree = "<group>"; };
		25D6717C206953A600F7A684 /* PriceUnderwritingChooseTableViewCell.h */ = {isa = PBXFileReference; lastKnownFileType = sourcecode.c.h; path = PriceUnderwritingChooseTableViewCell.h; sourceTree = "<group>"; };
		25D6717D206953A600F7A684 /* PriceUnderwritingTableViewCell.h */ = {isa = PBXFileReference; lastKnownFileType = sourcecode.c.h; path = PriceUnderwritingTableViewCell.h; sourceTree = "<group>"; };
		25D6717E206953A600F7A684 /* PriceUnderwritingRenewalTableViewCell.m */ = {isa = PBXFileReference; lastKnownFileType = sourcecode.c.objc; path = PriceUnderwritingRenewalTableViewCell.m; sourceTree = "<group>"; };
		25D6717F206953A600F7A684 /* PriceUnderwritingTextTableViewCell.h */ = {isa = PBXFileReference; lastKnownFileType = sourcecode.c.h; path = PriceUnderwritingTextTableViewCell.h; sourceTree = "<group>"; };
		25D67180206953A600F7A684 /* PriceUnderwritingTableViewCell.m */ = {isa = PBXFileReference; lastKnownFileType = sourcecode.c.objc; path = PriceUnderwritingTableViewCell.m; sourceTree = "<group>"; };
		25D67181206953A600F7A684 /* PriceUnderwritingChooseTableViewCell.m */ = {isa = PBXFileReference; lastKnownFileType = sourcecode.c.objc; path = PriceUnderwritingChooseTableViewCell.m; sourceTree = "<group>"; };
		25D67182206953A600F7A684 /* PriceUnderwritingRenewalTableViewCell.h */ = {isa = PBXFileReference; lastKnownFileType = sourcecode.c.h; path = PriceUnderwritingRenewalTableViewCell.h; sourceTree = "<group>"; };
		25D6718B206954BA00F7A684 /* PriceUnderwritingViewController.h */ = {isa = PBXFileReference; lastKnownFileType = sourcecode.c.h; path = PriceUnderwritingViewController.h; sourceTree = "<group>"; };
		25D6718C206954BA00F7A684 /* PriceUnderwritingViewController.m */ = {isa = PBXFileReference; lastKnownFileType = sourcecode.c.objc; path = PriceUnderwritingViewController.m; sourceTree = "<group>"; };
		3EC8818A25C1285D6823327D /* Pods-testApp.debug.xcconfig */ = {isa = PBXFileReference; includeInIndex = 1; lastKnownFileType = text.xcconfig; name = "Pods-testApp.debug.xcconfig"; path = "Pods/Target Support Files/Pods-testApp/Pods-testApp.debug.xcconfig"; sourceTree = "<group>"; };
		A71D2D682062C302009B889D /* XCMyCommissionViewController.h */ = {isa = PBXFileReference; lastKnownFileType = sourcecode.c.h; path = XCMyCommissionViewController.h; sourceTree = "<group>"; };
		A71D2D692062C302009B889D /* XCMyCommissionViewController.m */ = {isa = PBXFileReference; lastKnownFileType = sourcecode.c.objc; path = XCMyCommissionViewController.m; sourceTree = "<group>"; };
		A71E488E205E48AA001670D3 /* XCUserListCollectionViewCell.h */ = {isa = PBXFileReference; lastKnownFileType = sourcecode.c.h; path = XCUserListCollectionViewCell.h; sourceTree = "<group>"; };
		A71E488F205E48AA001670D3 /* XCUserListCollectionViewCell.m */ = {isa = PBXFileReference; lastKnownFileType = sourcecode.c.objc; path = XCUserListCollectionViewCell.m; sourceTree = "<group>"; };
		A71E4891205E5429001670D3 /* XCUserListHeaderView.h */ = {isa = PBXFileReference; lastKnownFileType = sourcecode.c.h; path = XCUserListHeaderView.h; sourceTree = "<group>"; };
		A71E4892205E5429001670D3 /* XCUserListHeaderView.m */ = {isa = PBXFileReference; lastKnownFileType = sourcecode.c.objc; path = XCUserListHeaderView.m; sourceTree = "<group>"; };
		A71E4894205E590D001670D3 /* XCUserListModel.h */ = {isa = PBXFileReference; lastKnownFileType = sourcecode.c.h; path = XCUserListModel.h; sourceTree = "<group>"; };
		A71E4895205E590D001670D3 /* XCUserListModel.m */ = {isa = PBXFileReference; lastKnownFileType = sourcecode.c.objc; path = XCUserListModel.m; sourceTree = "<group>"; };
		A71E4898205EB1E3001670D3 /* XCCheckoutBaseTableViewController.h */ = {isa = PBXFileReference; lastKnownFileType = sourcecode.c.h; path = XCCheckoutBaseTableViewController.h; sourceTree = "<group>"; };
		A71E4899205EB1E3001670D3 /* XCCheckoutBaseTableViewController.m */ = {isa = PBXFileReference; lastKnownFileType = sourcecode.c.objc; path = XCCheckoutBaseTableViewController.m; sourceTree = "<group>"; };
		A71E489B205EB22B001670D3 /* XCCheckoutTableViewCell.h */ = {isa = PBXFileReference; lastKnownFileType = sourcecode.c.h; path = XCCheckoutTableViewCell.h; sourceTree = "<group>"; };
		A71E489C205EB22B001670D3 /* XCCheckoutTableViewCell.m */ = {isa = PBXFileReference; lastKnownFileType = sourcecode.c.objc; path = XCCheckoutTableViewCell.m; sourceTree = "<group>"; };
		A71E489E205EB2E7001670D3 /* XCCheckoutModel.h */ = {isa = PBXFileReference; lastKnownFileType = sourcecode.c.h; path = XCCheckoutModel.h; sourceTree = "<group>"; };
		A71E489F205EB2E7001670D3 /* XCCheckoutModel.m */ = {isa = PBXFileReference; lastKnownFileType = sourcecode.c.objc; path = XCCheckoutModel.m; sourceTree = "<group>"; };
		A71E48A2205ED0B4001670D3 /* XCUserUnderWritingViewController.h */ = {isa = PBXFileReference; lastKnownFileType = sourcecode.c.h; path = XCUserUnderWritingViewController.h; sourceTree = "<group>"; };
		A71E48A3205ED0B4001670D3 /* XCUserUnderWritingViewController.m */ = {isa = PBXFileReference; lastKnownFileType = sourcecode.c.objc; path = XCUserUnderWritingViewController.m; sourceTree = "<group>"; };
		A71EFD7F205ADD5800F2F83F /* XCScreenFitMacro.h */ = {isa = PBXFileReference; lastKnownFileType = sourcecode.c.h; path = XCScreenFitMacro.h; sourceTree = "<group>"; };
		A79A510520595E7C000D8D0F /* PrefixHeader.pch */ = {isa = PBXFileReference; lastKnownFileType = sourcecode.c.h; path = PrefixHeader.pch; sourceTree = "<group>"; };
		A79A510920597A4F000D8D0F /* UIColor+Help.h */ = {isa = PBXFileReference; fileEncoding = 4; lastKnownFileType = sourcecode.c.h; path = "UIColor+Help.h"; sourceTree = "<group>"; };
		A79A510A20597A4F000D8D0F /* UIColor+Help.m */ = {isa = PBXFileReference; fileEncoding = 4; lastKnownFileType = sourcecode.c.objc; path = "UIColor+Help.m"; sourceTree = "<group>"; };
		A79A510F20597F91000D8D0F /* XCUserTopView.h */ = {isa = PBXFileReference; lastKnownFileType = sourcecode.c.h; path = XCUserTopView.h; sourceTree = "<group>"; };
		A79A511020597F91000D8D0F /* XCUserTopView.m */ = {isa = PBXFileReference; lastKnownFileType = sourcecode.c.objc; path = XCUserTopView.m; sourceTree = "<group>"; };
		A7C8818020662B4A0073568F /* LYZAlertView.h */ = {isa = PBXFileReference; lastKnownFileType = sourcecode.c.h; path = LYZAlertView.h; sourceTree = "<group>"; };
		A7C8818120662B4A0073568F /* LYZAlertView.m */ = {isa = PBXFileReference; lastKnownFileType = sourcecode.c.objc; path = LYZAlertView.m; sourceTree = "<group>"; };
		A7C88183206665D80073568F /* XCCheckoutDetailBaseTableViewController.h */ = {isa = PBXFileReference; lastKnownFileType = sourcecode.c.h; path = XCCheckoutDetailBaseTableViewController.h; sourceTree = "<group>"; };
		A7C88184206665D80073568F /* XCCheckoutDetailBaseTableViewController.m */ = {isa = PBXFileReference; lastKnownFileType = sourcecode.c.objc; path = XCCheckoutDetailBaseTableViewController.m; sourceTree = "<group>"; };
		A7C88186206667370073568F /* XCCheckoutDetailTextCell.h */ = {isa = PBXFileReference; lastKnownFileType = sourcecode.c.h; path = XCCheckoutDetailTextCell.h; sourceTree = "<group>"; };
		A7C88187206667370073568F /* XCCheckoutDetailTextCell.m */ = {isa = PBXFileReference; lastKnownFileType = sourcecode.c.objc; path = XCCheckoutDetailTextCell.m; sourceTree = "<group>"; };
		A7C881892066750B0073568F /* XCUserUnderWritingDetailViewController.h */ = {isa = PBXFileReference; lastKnownFileType = sourcecode.c.h; path = XCUserUnderWritingDetailViewController.h; sourceTree = "<group>"; };
		A7C8818A2066750B0073568F /* XCUserUnderWritingDetailViewController.m */ = {isa = PBXFileReference; lastKnownFileType = sourcecode.c.objc; path = XCUserUnderWritingDetailViewController.m; sourceTree = "<group>"; };
		A7C8818D2066BDBE0073568F /* XCCheckoutDetailTextFiledCell.h */ = {isa = PBXFileReference; lastKnownFileType = sourcecode.c.h; path = XCCheckoutDetailTextFiledCell.h; sourceTree = "<group>"; };
		A7C8818E2066BDBE0073568F /* XCCheckoutDetailTextFiledCell.m */ = {isa = PBXFileReference; lastKnownFileType = sourcecode.c.objc; path = XCCheckoutDetailTextFiledCell.m; sourceTree = "<group>"; };
		A7C9E0F8205D8B9F00FFEF5B /* XCUserListView.h */ = {isa = PBXFileReference; lastKnownFileType = sourcecode.c.h; path = XCUserListView.h; sourceTree = "<group>"; };
		A7C9E0F9205D8B9F00FFEF5B /* XCUserListView.m */ = {isa = PBXFileReference; lastKnownFileType = sourcecode.c.objc; path = XCUserListView.m; sourceTree = "<group>"; };
		A7C9E0FB205D8F5E00FFEF5B /* userListViewData.plist */ = {isa = PBXFileReference; lastKnownFileType = text.plist.xml; path = userListViewData.plist; sourceTree = "<group>"; };
		D9D549854117E8F1634745B6 /* libPods-testApp.a */ = {isa = PBXFileReference; explicitFileType = archive.ar; includeInIndex = 0; path = "libPods-testApp.a"; sourceTree = BUILT_PRODUCTS_DIR; };
		DDCB00780C4684562392341C /* Pods-testApp.release.xcconfig */ = {isa = PBXFileReference; includeInIndex = 1; lastKnownFileType = text.xcconfig; name = "Pods-testApp.release.xcconfig"; path = "Pods/Target Support Files/Pods-testApp/Pods-testApp.release.xcconfig"; sourceTree = "<group>"; };
		FC1724EF20668FDB00B23D7F /* MyMedalView.h */ = {isa = PBXFileReference; lastKnownFileType = sourcecode.c.h; path = MyMedalView.h; sourceTree = "<group>"; };
		FC1724F020668FDB00B23D7F /* MyMedalView.m */ = {isa = PBXFileReference; lastKnownFileType = sourcecode.c.objc; path = MyMedalView.m; sourceTree = "<group>"; };
		FC280578205B63D700DD0DA9 /* MyMedalViewController.h */ = {isa = PBXFileReference; lastKnownFileType = sourcecode.c.h; path = MyMedalViewController.h; sourceTree = "<group>"; };
		FC280579205B63D700DD0DA9 /* MyMedalViewController.m */ = {isa = PBXFileReference; lastKnownFileType = sourcecode.c.objc; path = MyMedalViewController.m; sourceTree = "<group>"; };
		FC2805A9205D96B800DD0DA9 /* back@2x.png */ = {isa = PBXFileReference; lastKnownFileType = image.png; path = "back@2x.png"; sourceTree = "<group>"; };
		FC2805AA205D96B800DD0DA9 /* back@3x.png */ = {isa = PBXFileReference; lastKnownFileType = image.png; path = "back@3x.png"; sourceTree = "<group>"; };
		FC2805AC205D96B800DD0DA9 /* login_code@2x.png */ = {isa = PBXFileReference; lastKnownFileType = image.png; path = "login_code@2x.png"; sourceTree = "<group>"; };
		FC2805AD205D96B800DD0DA9 /* login_code@3x.png */ = {isa = PBXFileReference; lastKnownFileType = image.png; path = "login_code@3x.png"; sourceTree = "<group>"; };
		FC2805AE205D96B800DD0DA9 /* login_location@2x.png */ = {isa = PBXFileReference; lastKnownFileType = image.png; path = "login_location@2x.png"; sourceTree = "<group>"; };
		FC2805AF205D96B800DD0DA9 /* login_location@3x.png */ = {isa = PBXFileReference; lastKnownFileType = image.png; path = "login_location@3x.png"; sourceTree = "<group>"; };
		FC2805B0205D96B800DD0DA9 /* login_password@2x.png */ = {isa = PBXFileReference; lastKnownFileType = image.png; path = "login_password@2x.png"; sourceTree = "<group>"; };
		FC2805B1205D96B800DD0DA9 /* login_password@3x.png */ = {isa = PBXFileReference; lastKnownFileType = image.png; path = "login_password@3x.png"; sourceTree = "<group>"; };
		FC2805B2205D96B800DD0DA9 /* login_preson@2x.png */ = {isa = PBXFileReference; lastKnownFileType = image.png; path = "login_preson@2x.png"; sourceTree = "<group>"; };
		FC2805B3205D96B800DD0DA9 /* login_preson@3x.png */ = {isa = PBXFileReference; lastKnownFileType = image.png; path = "login_preson@3x.png"; sourceTree = "<group>"; };
		FC2805B4205D96B800DD0DA9 /* login_username@2x.png */ = {isa = PBXFileReference; lastKnownFileType = image.png; path = "login_username@2x.png"; sourceTree = "<group>"; };
		FC2805B5205D96B800DD0DA9 /* login_username@3x.png */ = {isa = PBXFileReference; lastKnownFileType = image.png; path = "login_username@3x.png"; sourceTree = "<group>"; };
		FC2805BB205D96B800DD0DA9 /* 个人中心@2x.png */ = {isa = PBXFileReference; lastKnownFileType = image.png; path = "个人中心@2x.png"; sourceTree = "<group>"; };
		FC2805BC205D96B800DD0DA9 /* 背景@2x.png */ = {isa = PBXFileReference; lastKnownFileType = image.png; path = "背景@2x.png"; sourceTree = "<group>"; };
		FC2805CB205D96CD00DD0DA9 /* FinishTipsView.h */ = {isa = PBXFileReference; fileEncoding = 4; lastKnownFileType = sourcecode.c.h; path = FinishTipsView.h; sourceTree = "<group>"; };
		FC2805CC205D96CD00DD0DA9 /* FinishTipsView.m */ = {isa = PBXFileReference; fileEncoding = 4; lastKnownFileType = sourcecode.c.objc; path = FinishTipsView.m; sourceTree = "<group>"; };
		FC2805CE205D96DF00DD0DA9 /* FindPasswordViewController.m */ = {isa = PBXFileReference; fileEncoding = 4; lastKnownFileType = sourcecode.c.objc; path = FindPasswordViewController.m; sourceTree = "<group>"; };
		FC2805CF205D96DF00DD0DA9 /* LoginViewController.h */ = {isa = PBXFileReference; fileEncoding = 4; lastKnownFileType = sourcecode.c.h; path = LoginViewController.h; sourceTree = "<group>"; };
		FC2805D0205D96DF00DD0DA9 /* FindPasswordViewController.h */ = {isa = PBXFileReference; fileEncoding = 4; lastKnownFileType = sourcecode.c.h; path = FindPasswordViewController.h; sourceTree = "<group>"; };
		FC2805D1205D96DF00DD0DA9 /* LoginViewController.m */ = {isa = PBXFileReference; fileEncoding = 4; lastKnownFileType = sourcecode.c.objc; path = LoginViewController.m; sourceTree = "<group>"; };
		FC2805D2205D96DF00DD0DA9 /* UserInfoConfirmView.h */ = {isa = PBXFileReference; fileEncoding = 4; lastKnownFileType = sourcecode.c.h; path = UserInfoConfirmView.h; sourceTree = "<group>"; };
		FC2805D3205D96DF00DD0DA9 /* UserInfoConfirmView.m */ = {isa = PBXFileReference; fileEncoding = 4; lastKnownFileType = sourcecode.c.objc; path = UserInfoConfirmView.m; sourceTree = "<group>"; };
		FC2805DD205E260300DD0DA9 /* UIButton+ImageTitleSpacing.m */ = {isa = PBXFileReference; fileEncoding = 4; lastKnownFileType = sourcecode.c.objc; path = "UIButton+ImageTitleSpacing.m"; sourceTree = "<group>"; };
		FC2805DE205E260300DD0DA9 /* UIButton+ImageTitleSpacing.h */ = {isa = PBXFileReference; fileEncoding = 4; lastKnownFileType = sourcecode.c.h; path = "UIButton+ImageTitleSpacing.h"; sourceTree = "<group>"; };
		FC2805E3205E5EB000DD0DA9 /* RequestAPI.h */ = {isa = PBXFileReference; lastKnownFileType = sourcecode.c.h; path = RequestAPI.h; sourceTree = "<group>"; };
		FC2805E4205E5EB000DD0DA9 /* RequestAPI.m */ = {isa = PBXFileReference; lastKnownFileType = sourcecode.c.objc; path = RequestAPI.m; sourceTree = "<group>"; };
		FC47950D205553E900218362 /* testApp.app */ = {isa = PBXFileReference; explicitFileType = wrapper.application; includeInIndex = 0; path = testApp.app; sourceTree = BUILT_PRODUCTS_DIR; };
		FC479510205553E900218362 /* AppDelegate.h */ = {isa = PBXFileReference; lastKnownFileType = sourcecode.c.h; path = AppDelegate.h; sourceTree = "<group>"; };
		FC479511205553E900218362 /* AppDelegate.m */ = {isa = PBXFileReference; lastKnownFileType = sourcecode.c.objc; path = AppDelegate.m; sourceTree = "<group>"; };
		FC479519205553E900218362 /* Assets.xcassets */ = {isa = PBXFileReference; lastKnownFileType = folder.assetcatalog; path = Assets.xcassets; sourceTree = "<group>"; };
		FC47951C205553E900218362 /* Base */ = {isa = PBXFileReference; lastKnownFileType = file.storyboard; name = Base; path = Base.lproj/LaunchScreen.storyboard; sourceTree = "<group>"; };
		FC47951E205553E900218362 /* Info.plist */ = {isa = PBXFileReference; lastKnownFileType = text.plist.xml; path = Info.plist; sourceTree = "<group>"; };
		FC47951F205553E900218362 /* main.m */ = {isa = PBXFileReference; lastKnownFileType = sourcecode.c.objc; path = main.m; sourceTree = "<group>"; };
		FC479525205553EA00218362 /* testAppTests.xctest */ = {isa = PBXFileReference; explicitFileType = wrapper.cfbundle; includeInIndex = 0; path = testAppTests.xctest; sourceTree = BUILT_PRODUCTS_DIR; };
		FC479529205553EA00218362 /* testAppTests.m */ = {isa = PBXFileReference; lastKnownFileType = sourcecode.c.objc; path = testAppTests.m; sourceTree = "<group>"; };
		FC47952B205553EA00218362 /* Info.plist */ = {isa = PBXFileReference; lastKnownFileType = text.plist.xml; path = Info.plist; sourceTree = "<group>"; };
		FC479530205553EA00218362 /* testAppUITests.xctest */ = {isa = PBXFileReference; explicitFileType = wrapper.cfbundle; includeInIndex = 0; path = testAppUITests.xctest; sourceTree = BUILT_PRODUCTS_DIR; };
		FC479534205553EA00218362 /* testAppUITests.m */ = {isa = PBXFileReference; lastKnownFileType = sourcecode.c.objc; path = testAppUITests.m; sourceTree = "<group>"; };
		FC479536205553EA00218362 /* Info.plist */ = {isa = PBXFileReference; lastKnownFileType = text.plist.xml; path = Info.plist; sourceTree = "<group>"; };
		FC47954D20556E8B00218362 /* CoverMainViewController.h */ = {isa = PBXFileReference; lastKnownFileType = sourcecode.c.h; path = CoverMainViewController.h; sourceTree = "<group>"; };
		FC47954E20556E8B00218362 /* CoverMainViewController.m */ = {isa = PBXFileReference; lastKnownFileType = sourcecode.c.objc; path = CoverMainViewController.m; sourceTree = "<group>"; };
		FC47955020556E9A00218362 /* PriceViewController.h */ = {isa = PBXFileReference; lastKnownFileType = sourcecode.c.h; path = PriceViewController.h; sourceTree = "<group>"; };
		FC47955120556E9A00218362 /* PriceViewController.m */ = {isa = PBXFileReference; lastKnownFileType = sourcecode.c.objc; path = PriceViewController.m; sourceTree = "<group>"; };
		FC47955320556EAB00218362 /* GetCarViewController.h */ = {isa = PBXFileReference; lastKnownFileType = sourcecode.c.h; path = GetCarViewController.h; sourceTree = "<group>"; };
		FC47955420556EAB00218362 /* GetCarViewController.m */ = {isa = PBXFileReference; lastKnownFileType = sourcecode.c.objc; path = GetCarViewController.m; sourceTree = "<group>"; };
		FC47955620556EBB00218362 /* UserViewController.h */ = {isa = PBXFileReference; lastKnownFileType = sourcecode.c.h; path = UserViewController.h; sourceTree = "<group>"; };
		FC47955720556EBB00218362 /* UserViewController.m */ = {isa = PBXFileReference; lastKnownFileType = sourcecode.c.objc; path = UserViewController.m; sourceTree = "<group>"; };
		FC47955A2055765F00218362 /* UserInfoManager.h */ = {isa = PBXFileReference; lastKnownFileType = sourcecode.c.h; path = UserInfoManager.h; sourceTree = "<group>"; };
		FC47955B2055765F00218362 /* UserInfoManager.m */ = {isa = PBXFileReference; lastKnownFileType = sourcecode.c.objc; path = UserInfoManager.m; sourceTree = "<group>"; };
		FC4F7D012067748100468032 /* BaseViewController1.h */ = {isa = PBXFileReference; lastKnownFileType = sourcecode.c.h; path = BaseViewController1.h; sourceTree = "<group>"; };
		FC4F7D022067748100468032 /* BaseViewController1.m */ = {isa = PBXFileReference; lastKnownFileType = sourcecode.c.objc; path = BaseViewController1.m; sourceTree = "<group>"; };
		FC4F7D0A2067762500468032 /* MedalDetailViewController.h */ = {isa = PBXFileReference; lastKnownFileType = sourcecode.c.h; path = MedalDetailViewController.h; sourceTree = "<group>"; };
		FC4F7D0B2067762500468032 /* MedalDetailViewController.m */ = {isa = PBXFileReference; lastKnownFileType = sourcecode.c.objc; path = MedalDetailViewController.m; sourceTree = "<group>"; };
		FC4F7D0D2067791F00468032 /* MedalDetailCell.h */ = {isa = PBXFileReference; lastKnownFileType = sourcecode.c.h; path = MedalDetailCell.h; sourceTree = "<group>"; };
		FC4F7D0E2067791F00468032 /* MedalDetailCell.m */ = {isa = PBXFileReference; lastKnownFileType = sourcecode.c.objc; path = MedalDetailCell.m; sourceTree = "<group>"; };
		FCCC0EB1206150E400986A9E /* price_nomnal@2x.png */ = {isa = PBXFileReference; lastKnownFileType = image.png; path = "price_nomnal@2x.png"; sourceTree = "<group>"; };
		FCCC0EB2206150E400986A9E /* user_select@2x.png */ = {isa = PBXFileReference; lastKnownFileType = image.png; path = "user_select@2x.png"; sourceTree = "<group>"; };
		FCCC0EB3206150E400986A9E /* coverMain_nomnal@2x.png */ = {isa = PBXFileReference; lastKnownFileType = image.png; path = "coverMain_nomnal@2x.png"; sourceTree = "<group>"; };
		FCCC0EB4206150E400986A9E /* user_nomnal@2x.png */ = {isa = PBXFileReference; lastKnownFileType = image.png; path = "user_nomnal@2x.png"; sourceTree = "<group>"; };
		FCCC0EB5206150E400986A9E /* coverMain_select@2x.png */ = {isa = PBXFileReference; lastKnownFileType = image.png; path = "coverMain_select@2x.png"; sourceTree = "<group>"; };
		FCCC0EB6206150E400986A9E /* getCar_nomnal@2x.png */ = {isa = PBXFileReference; lastKnownFileType = image.png; path = "getCar_nomnal@2x.png"; sourceTree = "<group>"; };
		FCCC0EB7206150E400986A9E /* price_select@2x.png */ = {isa = PBXFileReference; lastKnownFileType = image.png; path = "price_select@2x.png"; sourceTree = "<group>"; };
		FCCC0EBF206150F600986A9E /* getCar_select@2x.png */ = {isa = PBXFileReference; lastKnownFileType = image.png; path = "getCar_select@2x.png"; sourceTree = "<group>"; };
		FCCC0EC12061519000986A9E /* price_select@3x.png */ = {isa = PBXFileReference; lastKnownFileType = image.png; path = "price_select@3x.png"; sourceTree = "<group>"; };
		FCCC0EC22061519000986A9E /* price_nomnal@3x.png */ = {isa = PBXFileReference; lastKnownFileType = image.png; path = "price_nomnal@3x.png"; sourceTree = "<group>"; };
		FCCC0EC32061519000986A9E /* user_nomnal@3x.png */ = {isa = PBXFileReference; lastKnownFileType = image.png; path = "user_nomnal@3x.png"; sourceTree = "<group>"; };
		FCCC0EC42061519000986A9E /* getCar_nomnal@3x.png */ = {isa = PBXFileReference; lastKnownFileType = image.png; path = "getCar_nomnal@3x.png"; sourceTree = "<group>"; };
		FCCC0EC52061519000986A9E /* coverMain_nomnal@3x.png */ = {isa = PBXFileReference; lastKnownFileType = image.png; path = "coverMain_nomnal@3x.png"; sourceTree = "<group>"; };
		FCCC0EC62061519000986A9E /* user_select@3x.png */ = {isa = PBXFileReference; lastKnownFileType = image.png; path = "user_select@3x.png"; sourceTree = "<group>"; };
		FCCC0EC72061519000986A9E /* coverMain_select@3x.png */ = {isa = PBXFileReference; lastKnownFileType = image.png; path = "coverMain_select@3x.png"; sourceTree = "<group>"; };
		FCCC0EC82061519000986A9E /* getCar_select@3x.png */ = {isa = PBXFileReference; lastKnownFileType = image.png; path = "getCar_select@3x.png"; sourceTree = "<group>"; };
		FCCC0ED1206151D700986A9E /* next@3x.png */ = {isa = PBXFileReference; lastKnownFileType = image.png; path = "next@3x.png"; sourceTree = "<group>"; };
		FCCC0ED2206151D700986A9E /* next@2x.png */ = {isa = PBXFileReference; lastKnownFileType = image.png; path = "next@2x.png"; sourceTree = "<group>"; };
		FCCC0ED52061754C00986A9E /* BaseNavigationBar.h */ = {isa = PBXFileReference; lastKnownFileType = sourcecode.c.h; path = BaseNavigationBar.h; sourceTree = "<group>"; };
		FCCC0ED62061754C00986A9E /* BaseNavigationBar.m */ = {isa = PBXFileReference; lastKnownFileType = sourcecode.c.objc; path = BaseNavigationBar.m; sourceTree = "<group>"; };
		FCFAF94F205A7011001E9796 /* BaseTabbarController.h */ = {isa = PBXFileReference; lastKnownFileType = sourcecode.c.h; path = BaseTabbarController.h; sourceTree = "<group>"; };
		FCFAF950205A7011001E9796 /* BaseTabbarController.m */ = {isa = PBXFileReference; lastKnownFileType = sourcecode.c.objc; path = BaseTabbarController.m; sourceTree = "<group>"; };
		FCFB6022206102E500587763 /* CoverPerformanceView.h */ = {isa = PBXFileReference; lastKnownFileType = sourcecode.c.h; path = CoverPerformanceView.h; sourceTree = "<group>"; };
		FCFB6023206102E500587763 /* CoverPerformanceView.m */ = {isa = PBXFileReference; lastKnownFileType = sourcecode.c.objc; path = CoverPerformanceView.m; sourceTree = "<group>"; };
/* End PBXFileReference section */

/* Begin PBXFrameworksBuildPhase section */
		FC47950A205553E900218362 /* Frameworks */ = {
			isa = PBXFrameworksBuildPhase;
			buildActionMask = 2147483647;
			files = (
				B920F964B968291C87CBC82D /* libPods-testApp.a in Frameworks */,
			);
			runOnlyForDeploymentPostprocessing = 0;
		};
		FC479522205553EA00218362 /* Frameworks */ = {
			isa = PBXFrameworksBuildPhase;
			buildActionMask = 2147483647;
			files = (
			);
			runOnlyForDeploymentPostprocessing = 0;
		};
		FC47952D205553EA00218362 /* Frameworks */ = {
			isa = PBXFrameworksBuildPhase;
			buildActionMask = 2147483647;
			files = (
			);
			runOnlyForDeploymentPostprocessing = 0;
		};
/* End PBXFrameworksBuildPhase section */

/* Begin PBXGroup section */
		25036848205EA9950052209A /* 上年续保报价 */ = {
			isa = PBXGroup;
			children = (
				25036849205EAA010052209A /* priceCRQLastYLabelTableViewCell.h */,
				2503684A205EAA010052209A /* priceCRQLastYLabelTableViewCell.m */,
				2503684C205EAEAB0052209A /* PriceCRQLastYInfoTableViewCell.h */,
				2503684D205EAEAB0052209A /* PriceCRQLastYInfoTableViewCell.m */,
			);
			path = "上年续保报价";
			sourceTree = "<group>";
		};
		25178A2B205BF0EB00B9293E /* VIew */ = {
			isa = PBXGroup;
			children = (
				25178A31205BF19700B9293E /* cell */,
				2503683C205E5C0F0052209A /* priceCIQChangeView.h */,
				2503683D205E5C0F0052209A /* priceCIQChangeView.m */,
				25036845205EA5760052209A /* PriceCIQLastYInfoView.h */,
				25036846205EA5760052209A /* PriceCIQLastYInfoView.m */,
			);
			path = VIew;
			sourceTree = "<group>";
		};
		25178A2C205BF10000B9293E /* Model */ = {
			isa = PBXGroup;
			children = (
			);
			path = Model;
			sourceTree = "<group>";
		};
		25178A2D205BF10900B9293E /* Controller */ = {
			isa = PBXGroup;
			children = (
				25178A2E205BF12F00B9293E /* PriceInfoViewController.h */,
				25178A2F205BF12F00B9293E /* PriceInfoViewController.m */,
				25036830205E50060052209A /* PriceInspectViewController.h */,
				25036831205E50060052209A /* PriceInspectViewController.m */,
				25036836205E5AE90052209A /* PriceCarInsuranceQViewController.h */,
				25036837205E5AE90052209A /* PriceCarInsuranceQViewController.m */,
				25663ED1205FEC1C0076039A /* PriceCustomerInformEntryViewController.h */,
				25663ED2205FEC1C0076039A /* PriceCustomerInformEntryViewController.m */,
				25D6718B206954BA00F7A684 /* PriceUnderwritingViewController.h */,
				25D6718C206954BA00F7A684 /* PriceUnderwritingViewController.m */,
			);
			path = Controller;
			sourceTree = "<group>";
		};
		25178A31205BF19700B9293E /* cell */ = {
			isa = PBXGroup;
			children = (
				25D6717A206953A600F7A684 /* 提交核保 */,
				25663ED4205FEE420076039A /* 客户信息录入 */,
				25036848205EA9950052209A /* 上年续保报价 */,
				25178A32205BF47800B9293E /* PriceInfolabelTableViewCell.h */,
				25178A33205BF47800B9293E /* PriceInfolabelTableViewCell.m */,
				25036824205D57870052209A /* PriceCommerceInsTableViewCell.h */,
				25036825205D57870052209A /* PriceCommerceInsTableViewCell.m */,
				2503682A205E4A060052209A /* PriceInfoAddTableViewCell.h */,
				2503682B205E4A060052209A /* PriceInfoAddTableViewCell.m */,
				2503682D205E4A800052209A /* PriceInfoSaveTableViewCell.h */,
				2503682E205E4A800052209A /* PriceInfoSaveTableViewCell.m */,
				25036833205E51940052209A /* PriceInspectTableViewCell.h */,
				25036834205E51940052209A /* PriceInspectTableViewCell.m */,
				2503683F205E8EE70052209A /* PriceCarILasetYTableViewCell.h */,
				25036840205E8EE70052209A /* PriceCarILasetYTableViewCell.m */,
				25036842205E99620052209A /* PriceCarRecordTableViewCell.h */,
				25036843205E99620052209A /* PriceCarRecordTableViewCell.m */,
			);
			path = cell;
			sourceTree = "<group>";
		};
		25663ED4205FEE420076039A /* 客户信息录入 */ = {
			isa = PBXGroup;
			children = (
				25663ED5205FEEFA0076039A /* PriceCustomerInformEntryTableViewCell.h */,
				25663ED6205FEEFA0076039A /* PriceCustomerInformEntryTableViewCell.m */,
				25663ED8206004470076039A /* PriceCustomerInformEntrySubmitTableViewCell.h */,
				25663ED9206004470076039A /* PriceCustomerInformEntrySubmitTableViewCell.m */,
			);
			path = "客户信息录入";
			sourceTree = "<group>";
		};
		25D6717A206953A600F7A684 /* 提交核保 */ = {
			isa = PBXGroup;
			children = (
				25D6717B206953A600F7A684 /* PriceUnderwritingTextTableViewCell.m */,
				25D6717C206953A600F7A684 /* PriceUnderwritingChooseTableViewCell.h */,
				25D6717D206953A600F7A684 /* PriceUnderwritingTableViewCell.h */,
				25D6717E206953A600F7A684 /* PriceUnderwritingRenewalTableViewCell.m */,
				25D6717F206953A600F7A684 /* PriceUnderwritingTextTableViewCell.h */,
				25D67180206953A600F7A684 /* PriceUnderwritingTableViewCell.m */,
				25D67181206953A600F7A684 /* PriceUnderwritingChooseTableViewCell.m */,
				25D67182206953A600F7A684 /* PriceUnderwritingRenewalTableViewCell.h */,
			);
			path = "提交核保";
			sourceTree = "<group>";
		};
		2880742A08D2B79E4DC7AEE3 /* Pods */ = {
			isa = PBXGroup;
			children = (
				3EC8818A25C1285D6823327D /* Pods-testApp.debug.xcconfig */,
				DDCB00780C4684562392341C /* Pods-testApp.release.xcconfig */,
			);
			name = Pods;
			sourceTree = "<group>";
		};
		A71D2D6B2062C5E2009B889D /* MyCommission */ = {
			isa = PBXGroup;
			children = (
				A71D2D682062C302009B889D /* XCMyCommissionViewController.h */,
				A71D2D692062C302009B889D /* XCMyCommissionViewController.m */,
			);
			path = MyCommission;
			sourceTree = "<group>";
		};
		A71E4897205E9B01001670D3 /* 个人中心 */ = {
			isa = PBXGroup;
			children = (
				A79A510F20597F91000D8D0F /* XCUserTopView.h */,
				A79A511020597F91000D8D0F /* XCUserTopView.m */,
				A7C9E0F8205D8B9F00FFEF5B /* XCUserListView.h */,
				A7C9E0F9205D8B9F00FFEF5B /* XCUserListView.m */,
				A71E488E205E48AA001670D3 /* XCUserListCollectionViewCell.h */,
				A71E488F205E48AA001670D3 /* XCUserListCollectionViewCell.m */,
				A71E4891205E5429001670D3 /* XCUserListHeaderView.h */,
				A71E4892205E5429001670D3 /* XCUserListHeaderView.m */,
			);
			path = "个人中心";
			sourceTree = "<group>";
		};
		A71E48A1205ED099001670D3 /* subController */ = {
			isa = PBXGroup;
			children = (
				A71E48A2205ED0B4001670D3 /* XCUserUnderWritingViewController.h */,
				A71E48A3205ED0B4001670D3 /* XCUserUnderWritingViewController.m */,
				A7C881892066750B0073568F /* XCUserUnderWritingDetailViewController.h */,
				A7C8818A2066750B0073568F /* XCUserUnderWritingDetailViewController.m */,
			);
			path = subController;
			sourceTree = "<group>";
		};
		A71EFD77205AD7EC00F2F83F /* resource */ = {
			isa = PBXGroup;
			children = (
				A72B7473205D05D8002ED176 /* 个人中心 */,
			);
			path = resource;
			sourceTree = "<group>";
		};
		A71EFD78205AD7FA00F2F83F /* categary */ = {
			isa = PBXGroup;
			children = (
				FC2805DE205E260300DD0DA9 /* UIButton+ImageTitleSpacing.h */,
				FC2805DD205E260300DD0DA9 /* UIButton+ImageTitleSpacing.m */,
				A79A510920597A4F000D8D0F /* UIColor+Help.h */,
				A79A510A20597A4F000D8D0F /* UIColor+Help.m */,
			);
			path = categary;
			sourceTree = "<group>";
		};
		A72B7473205D05D8002ED176 /* 个人中心 */ = {
			isa = PBXGroup;
			children = (
			);
			path = "个人中心";
			sourceTree = "<group>";
		};
		A79A510720597A0F000D8D0F /* Tool */ = {
			isa = PBXGroup;
			children = (
			);
			path = Tool;
			sourceTree = "<group>";
		};
		A79A510820597A21000D8D0F /* Extend */ = {
			isa = PBXGroup;
			children = (
				A71EFD78205AD7FA00F2F83F /* categary */,
				A71EFD77205AD7EC00F2F83F /* resource */,
			);
			path = Extend;
			sourceTree = "<group>";
		};
		A79A510C20597F09000D8D0F /* Controller */ = {
			isa = PBXGroup;
			children = (
				A7C8818C2066BBDD0073568F /* BaseCommon */,
				A71D2D6B2062C5E2009B889D /* MyCommission */,
				A71E48A1205ED099001670D3 /* subController */,
				FC47955620556EBB00218362 /* UserViewController.h */,
				FC47955720556EBB00218362 /* UserViewController.m */,
			);
			path = Controller;
			sourceTree = "<group>";
		};
		A79A510D20597F1E000D8D0F /* Model */ = {
			isa = PBXGroup;
			children = (
				A71E4894205E590D001670D3 /* XCUserListModel.h */,
				A71E4895205E590D001670D3 /* XCUserListModel.m */,
				A71E489E205EB2E7001670D3 /* XCCheckoutModel.h */,
				A71E489F205EB2E7001670D3 /* XCCheckoutModel.m */,
				A7C9E0FB205D8F5E00FFEF5B /* userListViewData.plist */,
			);
			path = Model;
			sourceTree = "<group>";
		};
		A79A510E20597F27000D8D0F /* View */ = {
			isa = PBXGroup;
			children = (
				A71E4897205E9B01001670D3 /* 个人中心 */,
				A71E489B205EB22B001670D3 /* XCCheckoutTableViewCell.h */,
				A71E489C205EB22B001670D3 /* XCCheckoutTableViewCell.m */,
				A7C88186206667370073568F /* XCCheckoutDetailTextCell.h */,
				A7C88187206667370073568F /* XCCheckoutDetailTextCell.m */,
				A7C8818D2066BDBE0073568F /* XCCheckoutDetailTextFiledCell.h */,
				A7C8818E2066BDBE0073568F /* XCCheckoutDetailTextFiledCell.m */,
			);
			path = View;
			sourceTree = "<group>";
		};
		A7C8818C2066BBDD0073568F /* BaseCommon */ = {
			isa = PBXGroup;
			children = (
				A71E4898205EB1E3001670D3 /* XCCheckoutBaseTableViewController.h */,
				A71E4899205EB1E3001670D3 /* XCCheckoutBaseTableViewController.m */,
				A7C88183206665D80073568F /* XCCheckoutDetailBaseTableViewController.h */,
				A7C88184206665D80073568F /* XCCheckoutDetailBaseTableViewController.m */,
			);
			path = BaseCommon;
			sourceTree = "<group>";
		};
		B52118B0BB7070CDBEEBB2CF /* Frameworks */ = {
			isa = PBXGroup;
			children = (
				D9D549854117E8F1634745B6 /* libPods-testApp.a */,
			);
			name = Frameworks;
			sourceTree = "<group>";
		};
		FC1724EA20654D5F00B23D7F /* VC */ = {
			isa = PBXGroup;
			children = (
				FC47954D20556E8B00218362 /* CoverMainViewController.h */,
				FC47954E20556E8B00218362 /* CoverMainViewController.m */,
				FC280578205B63D700DD0DA9 /* MyMedalViewController.h */,
				FC280579205B63D700DD0DA9 /* MyMedalViewController.m */,
				FC4F7D0A2067762500468032 /* MedalDetailViewController.h */,
				FC4F7D0B2067762500468032 /* MedalDetailViewController.m */,
			);
			path = VC;
			sourceTree = "<group>";
		};
		FC1724EB20654D6600B23D7F /* View */ = {
			isa = PBXGroup;
			children = (
				FCFB6022206102E500587763 /* CoverPerformanceView.h */,
				FCFB6023206102E500587763 /* CoverPerformanceView.m */,
				FC1724EF20668FDB00B23D7F /* MyMedalView.h */,
				FC1724F020668FDB00B23D7F /* MyMedalView.m */,
				FC4F7D0D2067791F00468032 /* MedalDetailCell.h */,
				FC4F7D0E2067791F00468032 /* MedalDetailCell.m */,
			);
			path = View;
			sourceTree = "<group>";
		};
		FC2805A8205D96B800DD0DA9 /* resource */ = {
			isa = PBXGroup;
			children = (
				FC2805A9205D96B800DD0DA9 /* back@2x.png */,
				FC2805AA205D96B800DD0DA9 /* back@3x.png */,
				FCCC0ED2206151D700986A9E /* next@2x.png */,
				FCCC0ED1206151D700986A9E /* next@3x.png */,
				FC2805AB205D96B800DD0DA9 /* login */,
				FC2805B6205D96B800DD0DA9 /* CoverMain */,
				FC2805B7205D96B800DD0DA9 /* New Group1 */,
				FC2805B8205D96B800DD0DA9 /* New Group2 */,
				FC2805B9205D96B800DD0DA9 /* New Group3 */,
				FC2805BA205D96B800DD0DA9 /* resource */,
			);
			path = resource;
			sourceTree = "<group>";
		};
		FC2805AB205D96B800DD0DA9 /* login */ = {
			isa = PBXGroup;
			children = (
				FC2805AC205D96B800DD0DA9 /* login_code@2x.png */,
				FC2805AD205D96B800DD0DA9 /* login_code@3x.png */,
				FC2805AE205D96B800DD0DA9 /* login_location@2x.png */,
				FC2805AF205D96B800DD0DA9 /* login_location@3x.png */,
				FC2805B0205D96B800DD0DA9 /* login_password@2x.png */,
				FC2805B1205D96B800DD0DA9 /* login_password@3x.png */,
				FC2805B2205D96B800DD0DA9 /* login_preson@2x.png */,
				FC2805B3205D96B800DD0DA9 /* login_preson@3x.png */,
				FC2805B4205D96B800DD0DA9 /* login_username@2x.png */,
				FC2805B5205D96B800DD0DA9 /* login_username@3x.png */,
			);
			path = login;
			sourceTree = "<group>";
		};
		FC2805B6205D96B800DD0DA9 /* CoverMain */ = {
			isa = PBXGroup;
			children = (
				FCCC0EB3206150E400986A9E /* coverMain_nomnal@2x.png */,
				FCCC0EB5206150E400986A9E /* coverMain_select@2x.png */,
				FCCC0EB6206150E400986A9E /* getCar_nomnal@2x.png */,
				FCCC0EBF206150F600986A9E /* getCar_select@2x.png */,
				FCCC0EB1206150E400986A9E /* price_nomnal@2x.png */,
				FCCC0EB7206150E400986A9E /* price_select@2x.png */,
				FCCC0EB4206150E400986A9E /* user_nomnal@2x.png */,
				FCCC0EB2206150E400986A9E /* user_select@2x.png */,
				FCCC0EC52061519000986A9E /* coverMain_nomnal@3x.png */,
				FCCC0EC72061519000986A9E /* coverMain_select@3x.png */,
				FCCC0EC42061519000986A9E /* getCar_nomnal@3x.png */,
				FCCC0EC82061519000986A9E /* getCar_select@3x.png */,
				FCCC0EC22061519000986A9E /* price_nomnal@3x.png */,
				FCCC0EC12061519000986A9E /* price_select@3x.png */,
				FCCC0EC32061519000986A9E /* user_nomnal@3x.png */,
				FCCC0EC62061519000986A9E /* user_select@3x.png */,
			);
			path = CoverMain;
			sourceTree = "<group>";
		};
		FC2805B7205D96B800DD0DA9 /* New Group1 */ = {
			isa = PBXGroup;
			children = (
			);
			path = "New Group1";
			sourceTree = "<group>";
		};
		FC2805B8205D96B800DD0DA9 /* New Group2 */ = {
			isa = PBXGroup;
			children = (
			);
			path = "New Group2";
			sourceTree = "<group>";
		};
		FC2805B9205D96B800DD0DA9 /* New Group3 */ = {
			isa = PBXGroup;
			children = (
			);
			path = "New Group3";
			sourceTree = "<group>";
		};
		FC2805BA205D96B800DD0DA9 /* resource */ = {
			isa = PBXGroup;
			children = (
				FC2805BB205D96B800DD0DA9 /* 个人中心@2x.png */,
				FC2805BC205D96B800DD0DA9 /* 背景@2x.png */,
			);
			path = resource;
			sourceTree = "<group>";
		};
		FC2805E0205E5E4100DD0DA9 /* Base */ = {
			isa = PBXGroup;
			children = (
				FC4F7D012067748100468032 /* BaseViewController1.h */,
				FC4F7D022067748100468032 /* BaseViewController1.m */,
				FCFAF94F205A7011001E9796 /* BaseTabbarController.h */,
				FCFAF950205A7011001E9796 /* BaseTabbarController.m */,
				FCCC0ED52061754C00986A9E /* BaseNavigationBar.h */,
				FCCC0ED62061754C00986A9E /* BaseNavigationBar.m */,
			);
			path = Base;
			sourceTree = "<group>";
		};
		FC2805E1205E5E6100DD0DA9 /* Network */ = {
			isa = PBXGroup;
			children = (
				FC2805E3205E5EB000DD0DA9 /* RequestAPI.h */,
				FC2805E4205E5EB000DD0DA9 /* RequestAPI.m */,
			);
			path = Network;
			sourceTree = "<group>";
		};
		FC2805E2205E5E6C00DD0DA9 /* Data */ = {
			isa = PBXGroup;
			children = (
				FC47955A2055765F00218362 /* UserInfoManager.h */,
				FC47955B2055765F00218362 /* UserInfoManager.m */,
			);
			path = Data;
			sourceTree = "<group>";
		};
		FC479504205553E900218362 = {
			isa = PBXGroup;
			children = (
				FC47950F205553E900218362 /* testApp */,
				FC479528205553EA00218362 /* testAppTests */,
				FC479533205553EA00218362 /* testAppUITests */,
				FC47950E205553E900218362 /* Products */,
				2880742A08D2B79E4DC7AEE3 /* Pods */,
				B52118B0BB7070CDBEEBB2CF /* Frameworks */,
			);
			sourceTree = "<group>";
		};
		FC47950E205553E900218362 /* Products */ = {
			isa = PBXGroup;
			children = (
				FC47950D205553E900218362 /* testApp.app */,
				FC479525205553EA00218362 /* testAppTests.xctest */,
				FC479530205553EA00218362 /* testAppUITests.xctest */,
			);
			name = Products;
			sourceTree = "<group>";
		};
		FC47950F205553E900218362 /* testApp */ = {
			isa = PBXGroup;
			children = (
				FC2805A8205D96B800DD0DA9 /* resource */,
				FC47955920556EE300218362 /* Common */,
				FC4795472055565600218362 /* LoginView */,
				FC4795462055565200218362 /* CoverMainView */,
				FC4795452055564E00218362 /* PriceView */,
				FC4795442055564A00218362 /* GetCarView */,
				FC4795422055563B00218362 /* UserView */,
				A79A510720597A0F000D8D0F /* Tool */,
				A79A510820597A21000D8D0F /* Extend */,
				FC479510205553E900218362 /* AppDelegate.h */,
				FC479511205553E900218362 /* AppDelegate.m */,
				FC479519205553E900218362 /* Assets.xcassets */,
				FC47951B205553E900218362 /* LaunchScreen.storyboard */,
				FC47951E205553E900218362 /* Info.plist */,
				FC47951F205553E900218362 /* main.m */,
				A71EFD7F205ADD5800F2F83F /* XCScreenFitMacro.h */,
				A79A510520595E7C000D8D0F /* PrefixHeader.pch */,
			);
			path = testApp;
			sourceTree = "<group>";
		};
		FC479528205553EA00218362 /* testAppTests */ = {
			isa = PBXGroup;
			children = (
				FC479529205553EA00218362 /* testAppTests.m */,
				FC47952B205553EA00218362 /* Info.plist */,
			);
			path = testAppTests;
			sourceTree = "<group>";
		};
		FC479533205553EA00218362 /* testAppUITests */ = {
			isa = PBXGroup;
			children = (
				FC479534205553EA00218362 /* testAppUITests.m */,
				FC479536205553EA00218362 /* Info.plist */,
			);
			path = testAppUITests;
			sourceTree = "<group>";
		};
		FC4795422055563B00218362 /* UserView */ = {
			isa = PBXGroup;
			children = (
				A79A510E20597F27000D8D0F /* View */,
				A79A510D20597F1E000D8D0F /* Model */,
				A79A510C20597F09000D8D0F /* Controller */,
			);
			path = UserView;
			sourceTree = "<group>";
		};
		FC4795442055564A00218362 /* GetCarView */ = {
			isa = PBXGroup;
			children = (
				FC47955320556EAB00218362 /* GetCarViewController.h */,
				FC47955420556EAB00218362 /* GetCarViewController.m */,
			);
			path = GetCarView;
			sourceTree = "<group>";
		};
		FC4795452055564E00218362 /* PriceView */ = {
			isa = PBXGroup;
			children = (
				25178A2D205BF10900B9293E /* Controller */,
				25178A2C205BF10000B9293E /* Model */,
				25178A2B205BF0EB00B9293E /* VIew */,
				FC47955020556E9A00218362 /* PriceViewController.h */,
				FC47955120556E9A00218362 /* PriceViewController.m */,
			);
			path = PriceView;
			sourceTree = "<group>";
		};
		FC4795462055565200218362 /* CoverMainView */ = {
			isa = PBXGroup;
			children = (
				FC1724EB20654D6600B23D7F /* View */,
				FC1724EA20654D5F00B23D7F /* VC */,
			);
			path = CoverMainView;
			sourceTree = "<group>";
		};
		FC4795472055565600218362 /* LoginView */ = {
			isa = PBXGroup;
			children = (
				FC2805D0205D96DF00DD0DA9 /* FindPasswordViewController.h */,
				FC2805CE205D96DF00DD0DA9 /* FindPasswordViewController.m */,
				FC2805CF205D96DF00DD0DA9 /* LoginViewController.h */,
				FC2805D1205D96DF00DD0DA9 /* LoginViewController.m */,
				FC2805D2205D96DF00DD0DA9 /* UserInfoConfirmView.h */,
				FC2805D3205D96DF00DD0DA9 /* UserInfoConfirmView.m */,
			);
			path = LoginView;
			sourceTree = "<group>";
		};
		FC47955920556EE300218362 /* Common */ = {
			isa = PBXGroup;
			children = (
				FC2805E2205E5E6C00DD0DA9 /* Data */,
				FC2805E1205E5E6100DD0DA9 /* Network */,
				FC2805E0205E5E4100DD0DA9 /* Base */,
				FC2805CB205D96CD00DD0DA9 /* FinishTipsView.h */,
				FC2805CC205D96CD00DD0DA9 /* FinishTipsView.m */,
				A7C8818020662B4A0073568F /* LYZAlertView.h */,
				A7C8818120662B4A0073568F /* LYZAlertView.m */,
			);
			path = Common;
			sourceTree = "<group>";
		};
/* End PBXGroup section */

/* Begin PBXNativeTarget section */
		FC47950C205553E900218362 /* testApp */ = {
			isa = PBXNativeTarget;
			buildConfigurationList = FC479539205553EA00218362 /* Build configuration list for PBXNativeTarget "testApp" */;
			buildPhases = (
				C76B6743017863AC566ADEFB /* [CP] Check Pods Manifest.lock */,
				FC479509205553E900218362 /* Sources */,
				FC47950A205553E900218362 /* Frameworks */,
				FC47950B205553E900218362 /* Resources */,
				DE3B55DF1562C52B024B604F /* [CP] Embed Pods Frameworks */,
				B42BD22B49F4F6946BDFA35D /* [CP] Copy Pods Resources */,
			);
			buildRules = (
			);
			dependencies = (
			);
			name = testApp;
			productName = testApp;
			productReference = FC47950D205553E900218362 /* testApp.app */;
			productType = "com.apple.product-type.application";
		};
		FC479524205553EA00218362 /* testAppTests */ = {
			isa = PBXNativeTarget;
			buildConfigurationList = FC47953C205553EA00218362 /* Build configuration list for PBXNativeTarget "testAppTests" */;
			buildPhases = (
				FC479521205553EA00218362 /* Sources */,
				FC479522205553EA00218362 /* Frameworks */,
				FC479523205553EA00218362 /* Resources */,
			);
			buildRules = (
			);
			dependencies = (
				FC479527205553EA00218362 /* PBXTargetDependency */,
			);
			name = testAppTests;
			productName = testAppTests;
			productReference = FC479525205553EA00218362 /* testAppTests.xctest */;
			productType = "com.apple.product-type.bundle.unit-test";
		};
		FC47952F205553EA00218362 /* testAppUITests */ = {
			isa = PBXNativeTarget;
			buildConfigurationList = FC47953F205553EA00218362 /* Build configuration list for PBXNativeTarget "testAppUITests" */;
			buildPhases = (
				FC47952C205553EA00218362 /* Sources */,
				FC47952D205553EA00218362 /* Frameworks */,
				FC47952E205553EA00218362 /* Resources */,
			);
			buildRules = (
			);
			dependencies = (
				FC479532205553EA00218362 /* PBXTargetDependency */,
			);
			name = testAppUITests;
			productName = testAppUITests;
			productReference = FC479530205553EA00218362 /* testAppUITests.xctest */;
			productType = "com.apple.product-type.bundle.ui-testing";
		};
/* End PBXNativeTarget section */

/* Begin PBXProject section */
		FC479505205553E900218362 /* Project object */ = {
			isa = PBXProject;
			attributes = {
				LastUpgradeCheck = 0920;
				ORGANIZATIONNAME = outPutTeam;
				TargetAttributes = {
					FC47950C205553E900218362 = {
						CreatedOnToolsVersion = 9.2;
						ProvisioningStyle = Automatic;
					};
					FC479524205553EA00218362 = {
						CreatedOnToolsVersion = 9.2;
						ProvisioningStyle = Automatic;
						TestTargetID = FC47950C205553E900218362;
					};
					FC47952F205553EA00218362 = {
						CreatedOnToolsVersion = 9.2;
						ProvisioningStyle = Automatic;
						TestTargetID = FC47950C205553E900218362;
					};
				};
			};
			buildConfigurationList = FC479508205553E900218362 /* Build configuration list for PBXProject "testApp" */;
			compatibilityVersion = "Xcode 8.0";
			developmentRegion = en;
			hasScannedForEncodings = 0;
			knownRegions = (
				en,
				Base,
			);
			mainGroup = FC479504205553E900218362;
			productRefGroup = FC47950E205553E900218362 /* Products */;
			projectDirPath = "";
			projectRoot = "";
			targets = (
				FC47950C205553E900218362 /* testApp */,
				FC479524205553EA00218362 /* testAppTests */,
				FC47952F205553EA00218362 /* testAppUITests */,
			);
		};
/* End PBXProject section */

/* Begin PBXResourcesBuildPhase section */
		FC47950B205553E900218362 /* Resources */ = {
			isa = PBXResourcesBuildPhase;
			buildActionMask = 2147483647;
			files = (
				A7C9E0FC205D8F5E00FFEF5B /* userListViewData.plist in Resources */,
				FC2805C2205D96B900DD0DA9 /* login_location@3x.png in Resources */,
				FCCC0ED3206151D700986A9E /* next@3x.png in Resources */,
				FC2805BF205D96B900DD0DA9 /* login_code@2x.png in Resources */,
				FC47951D205553E900218362 /* LaunchScreen.storyboard in Resources */,
				FC2805C4205D96B900DD0DA9 /* login_password@3x.png in Resources */,
				FC2805C3205D96B900DD0DA9 /* login_password@2x.png in Resources */,
				FCCC0EC0206150F600986A9E /* getCar_select@2x.png in Resources */,
				FCCC0ED02061519000986A9E /* getCar_select@3x.png in Resources */,
				FC2805C5205D96B900DD0DA9 /* login_preson@2x.png in Resources */,
				FC47951A205553E900218362 /* Assets.xcassets in Resources */,
				FC2805BE205D96B900DD0DA9 /* back@3x.png in Resources */,
				FCCC0EC92061519000986A9E /* price_select@3x.png in Resources */,
				FCCC0EBA206150E400986A9E /* coverMain_nomnal@2x.png in Resources */,
				FCCC0ECC2061519000986A9E /* getCar_nomnal@3x.png in Resources */,
				FCCC0ECA2061519000986A9E /* price_nomnal@3x.png in Resources */,
				FCCC0ECB2061519000986A9E /* user_nomnal@3x.png in Resources */,
				FCCC0EB8206150E400986A9E /* price_nomnal@2x.png in Resources */,
				FC2805C7205D96B900DD0DA9 /* login_username@2x.png in Resources */,
				FC2805C1205D96B900DD0DA9 /* login_location@2x.png in Resources */,
				FC2805BD205D96B900DD0DA9 /* back@2x.png in Resources */,
				FCCC0EBE206150E400986A9E /* price_select@2x.png in Resources */,
				FCCC0EB9206150E400986A9E /* user_select@2x.png in Resources */,
				FC2805C6205D96B900DD0DA9 /* login_preson@3x.png in Resources */,
				FCCC0ECD2061519000986A9E /* coverMain_nomnal@3x.png in Resources */,
				FCCC0EBC206150E400986A9E /* coverMain_select@2x.png in Resources */,
				FC2805CA205D96B900DD0DA9 /* 背景@2x.png in Resources */,
				FC2805C0205D96B900DD0DA9 /* login_code@3x.png in Resources */,
				FCCC0ECE2061519000986A9E /* user_select@3x.png in Resources */,
				FCCC0ED4206151D700986A9E /* next@2x.png in Resources */,
				FCCC0EBD206150E400986A9E /* getCar_nomnal@2x.png in Resources */,
				FCCC0EBB206150E400986A9E /* user_nomnal@2x.png in Resources */,
				FC2805C8205D96B900DD0DA9 /* login_username@3x.png in Resources */,
				FCCC0ECF2061519000986A9E /* coverMain_select@3x.png in Resources */,
			);
			runOnlyForDeploymentPostprocessing = 0;
		};
		FC479523205553EA00218362 /* Resources */ = {
			isa = PBXResourcesBuildPhase;
			buildActionMask = 2147483647;
			files = (
			);
			runOnlyForDeploymentPostprocessing = 0;
		};
		FC47952E205553EA00218362 /* Resources */ = {
			isa = PBXResourcesBuildPhase;
			buildActionMask = 2147483647;
			files = (
			);
			runOnlyForDeploymentPostprocessing = 0;
		};
/* End PBXResourcesBuildPhase section */

/* Begin PBXShellScriptBuildPhase section */
		B42BD22B49F4F6946BDFA35D /* [CP] Copy Pods Resources */ = {
			isa = PBXShellScriptBuildPhase;
			buildActionMask = 2147483647;
			files = (
			);
			inputPaths = (
			);
			name = "[CP] Copy Pods Resources";
			outputPaths = (
			);
			runOnlyForDeploymentPostprocessing = 0;
			shellPath = /bin/sh;
			shellScript = "\"${SRCROOT}/Pods/Target Support Files/Pods-testApp/Pods-testApp-resources.sh\"\n";
			showEnvVarsInLog = 0;
		};
		C76B6743017863AC566ADEFB /* [CP] Check Pods Manifest.lock */ = {
			isa = PBXShellScriptBuildPhase;
			buildActionMask = 2147483647;
			files = (
			);
			inputPaths = (
				"${PODS_PODFILE_DIR_PATH}/Podfile.lock",
				"${PODS_ROOT}/Manifest.lock",
			);
			name = "[CP] Check Pods Manifest.lock";
			outputPaths = (
				"$(DERIVED_FILE_DIR)/Pods-testApp-checkManifestLockResult.txt",
			);
			runOnlyForDeploymentPostprocessing = 0;
			shellPath = /bin/sh;
			shellScript = "diff \"${PODS_ROOT}/../Podfile.lock\" \"${PODS_ROOT}/Manifest.lock\" > /dev/null\nif [ $? != 0 ] ; then\n    # print error to STDERR\n    echo \"error: The sandbox is not in sync with the Podfile.lock. Run 'pod install' or update your CocoaPods installation.\" >&2\n    exit 1\nfi\n";
			showEnvVarsInLog = 0;
		};
		DE3B55DF1562C52B024B604F /* [CP] Embed Pods Frameworks */ = {
			isa = PBXShellScriptBuildPhase;
			buildActionMask = 2147483647;
			files = (
			);
			inputPaths = (
			);
			name = "[CP] Embed Pods Frameworks";
			outputPaths = (
			);
			runOnlyForDeploymentPostprocessing = 0;
			shellPath = /bin/sh;
			shellScript = "\"${SRCROOT}/Pods/Target Support Files/Pods-testApp/Pods-testApp-frameworks.sh\"\n";
			showEnvVarsInLog = 0;
		};
/* End PBXShellScriptBuildPhase section */

/* Begin PBXSourcesBuildPhase section */
		FC479509205553E900218362 /* Sources */ = {
			isa = PBXSourcesBuildPhase;
			buildActionMask = 2147483647;
			files = (
				25D6718E206954C800F7A684 /* PriceUnderwritingViewController.h in Sources */,
				25D67183206953EB00F7A684 /* PriceUnderwritingTextTableViewCell.m in Sources */,
				25D67184206953EB00F7A684 /* PriceUnderwritingChooseTableViewCell.h in Sources */,
				25D67185206953EB00F7A684 /* PriceUnderwritingTableViewCell.h in Sources */,
				25D67186206953EB00F7A684 /* PriceUnderwritingRenewalTableViewCell.m in Sources */,
				25D67187206953EB00F7A684 /* PriceUnderwritingTextTableViewCell.h in Sources */,
				25D67188206953EB00F7A684 /* PriceUnderwritingTableViewCell.m in Sources */,
				25D67189206953EB00F7A684 /* PriceUnderwritingChooseTableViewCell.m in Sources */,
				25D6718A206953EB00F7A684 /* PriceUnderwritingRenewalTableViewCell.h in Sources */,
				A7C88188206667370073568F /* XCCheckoutDetailTextCell.m in Sources */,
				25178A34205BF47800B9293E /* PriceInfolabelTableViewCell.m in Sources */,
				25663ED7205FEEFA0076039A /* PriceCustomerInformEntryTableViewCell.m in Sources */,
				A79A511120597F91000D8D0F /* XCUserTopView.m in Sources */,
				FC2805D4205D96DF00DD0DA9 /* FindPasswordViewController.m in Sources */,
				2503684B205EAA010052209A /* priceCRQLastYLabelTableViewCell.m in Sources */,
				FC47955820556EBB00218362 /* UserViewController.m in Sources */,
				FC479520205553E900218362 /* main.m in Sources */,
				25036826205D57870052209A /* PriceCommerceInsTableViewCell.m in Sources */,
				FC47955C2055765F00218362 /* UserInfoManager.m in Sources */,
				FC47955220556E9A00218362 /* PriceViewController.m in Sources */,
				A7C88185206665D80073568F /* XCCheckoutDetailBaseTableViewController.m in Sources */,
				A71E48A4205ED0B4001670D3 /* XCUserUnderWritingViewController.m in Sources */,
				FC2805CD205D96CD00DD0DA9 /* FinishTipsView.m in Sources */,
				FCFB6024206102E500587763 /* CoverPerformanceView.m in Sources */,
				A71E4896205E590D001670D3 /* XCUserListModel.m in Sources */,
				FCFAF951205A7011001E9796 /* BaseTabbarController.m in Sources */,
				2503683E205E5C0F0052209A /* priceCIQChangeView.m in Sources */,
				A7C8818220662B4A0073568F /* LYZAlertView.m in Sources */,
				25036847205EA5760052209A /* PriceCIQLastYInfoView.m in Sources */,
				A7C8818F2066BDBE0073568F /* XCCheckoutDetailTextFiledCell.m in Sources */,
				FC4F7D032067748100468032 /* BaseViewController1.m in Sources */,
				FC4F7D0F2067791F00468032 /* MedalDetailCell.m in Sources */,
				25036838205E5AE90052209A /* PriceCarInsuranceQViewController.m in Sources */,
				A71D2D6A2062C302009B889D /* XCMyCommissionViewController.m in Sources */,
				2503682C205E4A060052209A /* PriceInfoAddTableViewCell.m in Sources */,
				FC2805D5205D96DF00DD0DA9 /* LoginViewController.m in Sources */,
				2503684E205EAEAB0052209A /* PriceCRQLastYInfoTableViewCell.m in Sources */,
				25D6718D206954BA00F7A684 /* PriceUnderwritingViewController.m in Sources */,
				25036841205E8EE70052209A /* PriceCarILasetYTableViewCell.m in Sources */,
				25178A30205BF12F00B9293E /* PriceInfoViewController.m in Sources */,
				A7C8818B2066750B0073568F /* XCUserUnderWritingDetailViewController.m in Sources */,
				FC47955520556EAB00218362 /* GetCarViewController.m in Sources */,
				A79A510B20597A4F000D8D0F /* UIColor+Help.m in Sources */,
				FC2805DF205E260300DD0DA9 /* UIButton+ImageTitleSpacing.m in Sources */,
				A71E4890205E48AA001670D3 /* XCUserListCollectionViewCell.m in Sources */,
				A71E489A205EB1E3001670D3 /* XCCheckoutBaseTableViewController.m in Sources */,
				25663EDA206004470076039A /* PriceCustomerInformEntrySubmitTableViewCell.m in Sources */,
				A7C9E0FA205D8B9F00FFEF5B /* XCUserListView.m in Sources */,
				25663ED3205FEC1C0076039A /* PriceCustomerInformEntryViewController.m in Sources */,
				A71E489D205EB22B001670D3 /* XCCheckoutTableViewCell.m in Sources */,
				25036832205E50060052209A /* PriceInspectViewController.m in Sources */,
				25036835205E51940052209A /* PriceInspectTableViewCell.m in Sources */,
				FC479512205553E900218362 /* AppDelegate.m in Sources */,
				25036844205E99620052209A /* PriceCarRecordTableViewCell.m in Sources */,
				FC2805E5205E5EB000DD0DA9 /* RequestAPI.m in Sources */,
				FC28057A205B63D700DD0DA9 /* MyMedalViewController.m in Sources */,
				FC2805D6205D96DF00DD0DA9 /* UserInfoConfirmView.m in Sources */,
				2503682F205E4A800052209A /* PriceInfoSaveTableViewCell.m in Sources */,
				FC47954F20556E8B00218362 /* CoverMainViewController.m in Sources */,
				A71E48A0205EB2E7001670D3 /* XCCheckoutModel.m in Sources */,
				FC4F7D0C2067762500468032 /* MedalDetailViewController.m in Sources */,
				FCCC0ED72061754C00986A9E /* BaseNavigationBar.m in Sources */,
				FC1724F120668FDB00B23D7F /* MyMedalView.m in Sources */,
				A71E4893205E5429001670D3 /* XCUserListHeaderView.m in Sources */,
			);
			runOnlyForDeploymentPostprocessing = 0;
		};
		FC479521205553EA00218362 /* Sources */ = {
			isa = PBXSourcesBuildPhase;
			buildActionMask = 2147483647;
			files = (
				FC47952A205553EA00218362 /* testAppTests.m in Sources */,
			);
			runOnlyForDeploymentPostprocessing = 0;
		};
		FC47952C205553EA00218362 /* Sources */ = {
			isa = PBXSourcesBuildPhase;
			buildActionMask = 2147483647;
			files = (
				FC479535205553EA00218362 /* testAppUITests.m in Sources */,
			);
			runOnlyForDeploymentPostprocessing = 0;
		};
/* End PBXSourcesBuildPhase section */

/* Begin PBXTargetDependency section */
		FC479527205553EA00218362 /* PBXTargetDependency */ = {
			isa = PBXTargetDependency;
			target = FC47950C205553E900218362 /* testApp */;
			targetProxy = FC479526205553EA00218362 /* PBXContainerItemProxy */;
		};
		FC479532205553EA00218362 /* PBXTargetDependency */ = {
			isa = PBXTargetDependency;
			target = FC47950C205553E900218362 /* testApp */;
			targetProxy = FC479531205553EA00218362 /* PBXContainerItemProxy */;
		};
/* End PBXTargetDependency section */

/* Begin PBXVariantGroup section */
		FC47951B205553E900218362 /* LaunchScreen.storyboard */ = {
			isa = PBXVariantGroup;
			children = (
				FC47951C205553E900218362 /* Base */,
			);
			name = LaunchScreen.storyboard;
			sourceTree = "<group>";
		};
/* End PBXVariantGroup section */

/* Begin XCBuildConfiguration section */
		FC479537205553EA00218362 /* Debug */ = {
			isa = XCBuildConfiguration;
			buildSettings = {
				ALWAYS_SEARCH_USER_PATHS = NO;
				CLANG_ANALYZER_NONNULL = YES;
				CLANG_ANALYZER_NUMBER_OBJECT_CONVERSION = YES_AGGRESSIVE;
				CLANG_CXX_LANGUAGE_STANDARD = "gnu++14";
				CLANG_CXX_LIBRARY = "libc++";
				CLANG_ENABLE_MODULES = YES;
				CLANG_ENABLE_OBJC_ARC = YES;
				CLANG_WARN_BLOCK_CAPTURE_AUTORELEASING = YES;
				CLANG_WARN_BOOL_CONVERSION = YES;
				CLANG_WARN_COMMA = YES;
				CLANG_WARN_CONSTANT_CONVERSION = YES;
				CLANG_WARN_DIRECT_OBJC_ISA_USAGE = YES_ERROR;
				CLANG_WARN_DOCUMENTATION_COMMENTS = YES;
				CLANG_WARN_EMPTY_BODY = YES;
				CLANG_WARN_ENUM_CONVERSION = YES;
				CLANG_WARN_INFINITE_RECURSION = YES;
				CLANG_WARN_INT_CONVERSION = YES;
				CLANG_WARN_NON_LITERAL_NULL_CONVERSION = YES;
				CLANG_WARN_OBJC_LITERAL_CONVERSION = YES;
				CLANG_WARN_OBJC_ROOT_CLASS = YES_ERROR;
				CLANG_WARN_RANGE_LOOP_ANALYSIS = YES;
				CLANG_WARN_STRICT_PROTOTYPES = YES;
				CLANG_WARN_SUSPICIOUS_MOVE = YES;
				CLANG_WARN_UNGUARDED_AVAILABILITY = YES_AGGRESSIVE;
				CLANG_WARN_UNREACHABLE_CODE = YES;
				CLANG_WARN__DUPLICATE_METHOD_MATCH = YES;
				CODE_SIGN_IDENTITY = "iPhone Developer";
				COPY_PHASE_STRIP = NO;
				DEBUG_INFORMATION_FORMAT = dwarf;
				ENABLE_STRICT_OBJC_MSGSEND = YES;
				ENABLE_TESTABILITY = YES;
				GCC_C_LANGUAGE_STANDARD = gnu11;
				GCC_DYNAMIC_NO_PIC = NO;
				GCC_NO_COMMON_BLOCKS = YES;
				GCC_OPTIMIZATION_LEVEL = 0;
				GCC_PREPROCESSOR_DEFINITIONS = (
					"DEBUG=1",
					"$(inherited)",
				);
				GCC_WARN_64_TO_32_BIT_CONVERSION = YES;
				GCC_WARN_ABOUT_RETURN_TYPE = YES_ERROR;
				GCC_WARN_UNDECLARED_SELECTOR = YES;
				GCC_WARN_UNINITIALIZED_AUTOS = YES_AGGRESSIVE;
				GCC_WARN_UNUSED_FUNCTION = YES;
				GCC_WARN_UNUSED_VARIABLE = YES;
				IPHONEOS_DEPLOYMENT_TARGET = 11.2;
				MTL_ENABLE_DEBUG_INFO = YES;
				ONLY_ACTIVE_ARCH = YES;
				SDKROOT = iphoneos;
			};
			name = Debug;
		};
		FC479538205553EA00218362 /* Release */ = {
			isa = XCBuildConfiguration;
			buildSettings = {
				ALWAYS_SEARCH_USER_PATHS = NO;
				CLANG_ANALYZER_NONNULL = YES;
				CLANG_ANALYZER_NUMBER_OBJECT_CONVERSION = YES_AGGRESSIVE;
				CLANG_CXX_LANGUAGE_STANDARD = "gnu++14";
				CLANG_CXX_LIBRARY = "libc++";
				CLANG_ENABLE_MODULES = YES;
				CLANG_ENABLE_OBJC_ARC = YES;
				CLANG_WARN_BLOCK_CAPTURE_AUTORELEASING = YES;
				CLANG_WARN_BOOL_CONVERSION = YES;
				CLANG_WARN_COMMA = YES;
				CLANG_WARN_CONSTANT_CONVERSION = YES;
				CLANG_WARN_DIRECT_OBJC_ISA_USAGE = YES_ERROR;
				CLANG_WARN_DOCUMENTATION_COMMENTS = YES;
				CLANG_WARN_EMPTY_BODY = YES;
				CLANG_WARN_ENUM_CONVERSION = YES;
				CLANG_WARN_INFINITE_RECURSION = YES;
				CLANG_WARN_INT_CONVERSION = YES;
				CLANG_WARN_NON_LITERAL_NULL_CONVERSION = YES;
				CLANG_WARN_OBJC_LITERAL_CONVERSION = YES;
				CLANG_WARN_OBJC_ROOT_CLASS = YES_ERROR;
				CLANG_WARN_RANGE_LOOP_ANALYSIS = YES;
				CLANG_WARN_STRICT_PROTOTYPES = YES;
				CLANG_WARN_SUSPICIOUS_MOVE = YES;
				CLANG_WARN_UNGUARDED_AVAILABILITY = YES_AGGRESSIVE;
				CLANG_WARN_UNREACHABLE_CODE = YES;
				CLANG_WARN__DUPLICATE_METHOD_MATCH = YES;
				CODE_SIGN_IDENTITY = "iPhone Developer";
				COPY_PHASE_STRIP = NO;
				DEBUG_INFORMATION_FORMAT = "dwarf-with-dsym";
				ENABLE_NS_ASSERTIONS = NO;
				ENABLE_STRICT_OBJC_MSGSEND = YES;
				GCC_C_LANGUAGE_STANDARD = gnu11;
				GCC_NO_COMMON_BLOCKS = YES;
				GCC_WARN_64_TO_32_BIT_CONVERSION = YES;
				GCC_WARN_ABOUT_RETURN_TYPE = YES_ERROR;
				GCC_WARN_UNDECLARED_SELECTOR = YES;
				GCC_WARN_UNINITIALIZED_AUTOS = YES_AGGRESSIVE;
				GCC_WARN_UNUSED_FUNCTION = YES;
				GCC_WARN_UNUSED_VARIABLE = YES;
				IPHONEOS_DEPLOYMENT_TARGET = 11.2;
				MTL_ENABLE_DEBUG_INFO = NO;
				SDKROOT = iphoneos;
				VALIDATE_PRODUCT = YES;
			};
			name = Release;
		};
		FC47953A205553EA00218362 /* Debug */ = {
			isa = XCBuildConfiguration;
			baseConfigurationReference = 3EC8818A25C1285D6823327D /* Pods-testApp.debug.xcconfig */;
			buildSettings = {
				ASSETCATALOG_COMPILER_APPICON_NAME = AppIcon;
				CODE_SIGN_STYLE = Automatic;
				DEVELOPMENT_TEAM = G583SJY324;
				GCC_PRECOMPILE_PREFIX_HEADER = YES;
				GCC_PREFIX_HEADER = "$(SRCROOT)/$(PROJECT_NAME)/PrefixHeader.pch";
				HEADER_SEARCH_PATHS = (
					"$(inherited)",
					"\"${PODS_ROOT}/Headers/Public\"",
					"\"$(SRCROOT)/Pods\"/**",
				);
				INFOPLIST_FILE = testApp/Info.plist;
				IPHONEOS_DEPLOYMENT_TARGET = 9.0;
				LD_RUNPATH_SEARCH_PATHS = "$(inherited) @executable_path/Frameworks";
				LIBRARY_SEARCH_PATHS = (
					"$(inherited)",
					"$(PROJECT_DIR)/Pods",
				);
				PRODUCT_BUNDLE_IDENTIFIER = outPutTeam.testApp1;
				PRODUCT_NAME = "$(TARGET_NAME)";
				TARGETED_DEVICE_FAMILY = "1,2";
			};
			name = Debug;
		};
		FC47953B205553EA00218362 /* Release */ = {
			isa = XCBuildConfiguration;
			baseConfigurationReference = DDCB00780C4684562392341C /* Pods-testApp.release.xcconfig */;
			buildSettings = {
				ASSETCATALOG_COMPILER_APPICON_NAME = AppIcon;
				CODE_SIGN_STYLE = Automatic;
				DEVELOPMENT_TEAM = G583SJY324;
				GCC_PRECOMPILE_PREFIX_HEADER = YES;
				GCC_PREFIX_HEADER = "$(SRCROOT)/$(PROJECT_NAME)/PrefixHeader.pch";
				HEADER_SEARCH_PATHS = (
					"$(inherited)",
					"\"${PODS_ROOT}/Headers/Public\"",
					"\"$(SRCROOT)/Pods\"/**",
				);
				INFOPLIST_FILE = testApp/Info.plist;
				IPHONEOS_DEPLOYMENT_TARGET = 9.0;
				LD_RUNPATH_SEARCH_PATHS = "$(inherited) @executable_path/Frameworks";
				LIBRARY_SEARCH_PATHS = (
					"$(inherited)",
					"$(PROJECT_DIR)/Pods",
				);
				PRODUCT_BUNDLE_IDENTIFIER = outPutTeam.testApp1;
				PRODUCT_NAME = "$(TARGET_NAME)";
				TARGETED_DEVICE_FAMILY = "1,2";
			};
			name = Release;
		};
		FC47953D205553EA00218362 /* Debug */ = {
			isa = XCBuildConfiguration;
			buildSettings = {
				BUNDLE_LOADER = "$(TEST_HOST)";
				CODE_SIGN_STYLE = Automatic;
				DEVELOPMENT_TEAM = 5VMXNS7PPW;
				INFOPLIST_FILE = testAppTests/Info.plist;
				LD_RUNPATH_SEARCH_PATHS = "$(inherited) @executable_path/Frameworks @loader_path/Frameworks";
				PRODUCT_BUNDLE_IDENTIFIER = outPutTeam.testAppTests;
				PRODUCT_NAME = "$(TARGET_NAME)";
				TARGETED_DEVICE_FAMILY = "1,2";
				TEST_HOST = "$(BUILT_PRODUCTS_DIR)/testApp.app/testApp";
			};
			name = Debug;
		};
		FC47953E205553EA00218362 /* Release */ = {
			isa = XCBuildConfiguration;
			buildSettings = {
				BUNDLE_LOADER = "$(TEST_HOST)";
				CODE_SIGN_STYLE = Automatic;
				DEVELOPMENT_TEAM = 5VMXNS7PPW;
				INFOPLIST_FILE = testAppTests/Info.plist;
				LD_RUNPATH_SEARCH_PATHS = "$(inherited) @executable_path/Frameworks @loader_path/Frameworks";
				PRODUCT_BUNDLE_IDENTIFIER = outPutTeam.testAppTests;
				PRODUCT_NAME = "$(TARGET_NAME)";
				TARGETED_DEVICE_FAMILY = "1,2";
				TEST_HOST = "$(BUILT_PRODUCTS_DIR)/testApp.app/testApp";
			};
			name = Release;
		};
		FC479540205553EA00218362 /* Debug */ = {
			isa = XCBuildConfiguration;
			buildSettings = {
				CODE_SIGN_STYLE = Automatic;
				DEVELOPMENT_TEAM = 5VMXNS7PPW;
				INFOPLIST_FILE = testAppUITests/Info.plist;
				LD_RUNPATH_SEARCH_PATHS = "$(inherited) @executable_path/Frameworks @loader_path/Frameworks";
				PRODUCT_BUNDLE_IDENTIFIER = outPutTeam.testAppUITests;
				PRODUCT_NAME = "$(TARGET_NAME)";
				TARGETED_DEVICE_FAMILY = "1,2";
				TEST_TARGET_NAME = testApp;
			};
			name = Debug;
		};
		FC479541205553EA00218362 /* Release */ = {
			isa = XCBuildConfiguration;
			buildSettings = {
				CODE_SIGN_STYLE = Automatic;
				DEVELOPMENT_TEAM = 5VMXNS7PPW;
				INFOPLIST_FILE = testAppUITests/Info.plist;
				LD_RUNPATH_SEARCH_PATHS = "$(inherited) @executable_path/Frameworks @loader_path/Frameworks";
				PRODUCT_BUNDLE_IDENTIFIER = outPutTeam.testAppUITests;
				PRODUCT_NAME = "$(TARGET_NAME)";
				TARGETED_DEVICE_FAMILY = "1,2";
				TEST_TARGET_NAME = testApp;
			};
			name = Release;
		};
/* End XCBuildConfiguration section */

/* Begin XCConfigurationList section */
		FC479508205553E900218362 /* Build configuration list for PBXProject "testApp" */ = {
			isa = XCConfigurationList;
			buildConfigurations = (
				FC479537205553EA00218362 /* Debug */,
				FC479538205553EA00218362 /* Release */,
			);
			defaultConfigurationIsVisible = 0;
			defaultConfigurationName = Release;
		};
		FC479539205553EA00218362 /* Build configuration list for PBXNativeTarget "testApp" */ = {
			isa = XCConfigurationList;
			buildConfigurations = (
				FC47953A205553EA00218362 /* Debug */,
				FC47953B205553EA00218362 /* Release */,
			);
			defaultConfigurationIsVisible = 0;
			defaultConfigurationName = Release;
		};
		FC47953C205553EA00218362 /* Build configuration list for PBXNativeTarget "testAppTests" */ = {
			isa = XCConfigurationList;
			buildConfigurations = (
				FC47953D205553EA00218362 /* Debug */,
				FC47953E205553EA00218362 /* Release */,
			);
			defaultConfigurationIsVisible = 0;
			defaultConfigurationName = Release;
		};
		FC47953F205553EA00218362 /* Build configuration list for PBXNativeTarget "testAppUITests" */ = {
			isa = XCConfigurationList;
			buildConfigurations = (
				FC479540205553EA00218362 /* Debug */,
				FC479541205553EA00218362 /* Release */,
			);
			defaultConfigurationIsVisible = 0;
			defaultConfigurationName = Release;
		};
/* End XCConfigurationList section */
	};
	rootObject = FC479505205553E900218362 /* Project object */;
}
